// !$*UTF8*$!
{
	archiveVersion = 1;
	classes = {
	};
	objectVersion = 45;
	objects = {

/* Begin PBXBuildFile section */
		1D60589B0D05DD56006BFB54 /* main.m in Sources */ = {isa = PBXBuildFile; fileRef = 29B97316FDCFA39411CA2CEA /* main.m */; };
		1F3B9A2D0EF2145700286867 /* shapesAppDelegate.m in Sources */ = {isa = PBXBuildFile; fileRef = 1F3B9A2B0EF2145700286867 /* shapesAppDelegate.m */; };
		433BD8211201C7090025525E /* NMPanelMenu.m in Sources */ = {isa = PBXBuildFile; fileRef = 433BD8201201C7090025525E /* NMPanelMenu.m */; };
		433BD84A1201C73F0025525E /* NMPanelMenuItem.m in Sources */ = {isa = PBXBuildFile; fileRef = 433BD8491201C73F0025525E /* NMPanelMenuItem.m */; };
		4365CA5C120A6AFB00E598B9 /* MediaPlayer.framework in Frameworks */ = {isa = PBXBuildFile; fileRef = 4365CA5B120A6AFB00E598B9 /* MediaPlayer.framework */; };
		43A94B471222B5990030A3BA /* HCUPPanelScene.m in Sources */ = {isa = PBXBuildFile; fileRef = 43A94B461222B5990030A3BA /* HCUPPanelScene.m */; };
		43A94B5E1222B87D0030A3BA /* CocosOverlayScrollView.m in Sources */ = {isa = PBXBuildFile; fileRef = 43A94B5D1222B87D0030A3BA /* CocosOverlayScrollView.m */; };
		43D170D4122345AA0081657D /* TouchDelegatingView.m in Sources */ = {isa = PBXBuildFile; fileRef = 43D170D3122345AA0081657D /* TouchDelegatingView.m */; };
		43F538E0123682CD00D74B1E /* amazon-panel.png in Resources */ = {isa = PBXBuildFile; fileRef = 43F538D9123682CD00D74B1E /* amazon-panel.png */; };
		43F538E1123682CD00D74B1E /* arctic-panel.png in Resources */ = {isa = PBXBuildFile; fileRef = 43F538DA123682CD00D74B1E /* arctic-panel.png */; };
		43F538E2123682CD00D74B1E /* brkfst-panel.png in Resources */ = {isa = PBXBuildFile; fileRef = 43F538DB123682CD00D74B1E /* brkfst-panel.png */; };
		43F538E3123682CD00D74B1E /* camp-panel.png in Resources */ = {isa = PBXBuildFile; fileRef = 43F538DC123682CD00D74B1E /* camp-panel.png */; };
		43F538E4123682CD00D74B1E /* city-panel.png in Resources */ = {isa = PBXBuildFile; fileRef = 43F538DD123682CD00D74B1E /* city-panel.png */; };
		43F538E5123682CD00D74B1E /* frames-glow.png in Resources */ = {isa = PBXBuildFile; fileRef = 43F538DE123682CD00D74B1E /* frames-glow.png */; };
		43F538E6123682CD00D74B1E /* paper-background.png in Resources */ = {isa = PBXBuildFile; fileRef = 43F538DF123682CD00D74B1E /* paper-background.png */; };
		506EDB88102F4C4000A389B3 /* libz.dylib in Frameworks */ = {isa = PBXBuildFile; fileRef = 506EDB87102F4C4000A389B3 /* libz.dylib */; };
		506EDBA5102F4C9F00A389B3 /* AVFoundation.framework in Frameworks */ = {isa = PBXBuildFile; fileRef = 506EDBA4102F4C9F00A389B3 /* AVFoundation.framework */; };
		50F414F11069373D002A0D5E /* fps_images.png in Resources */ = {isa = PBXBuildFile; fileRef = 50F414ED1069373D002A0D5E /* fps_images.png */; };
		50F414F21069373D002A0D5E /* Icon.png in Resources */ = {isa = PBXBuildFile; fileRef = 50F414EE1069373D002A0D5E /* Icon.png */; };
		6DF7BDA312C50F7600BCF6B1 /* CCAction.m in Sources */ = {isa = PBXBuildFile; fileRef = 6DF7BCCA12C50F7600BCF6B1 /* CCAction.m */; };
		6DF7BDA412C50F7600BCF6B1 /* CCActionCamera.m in Sources */ = {isa = PBXBuildFile; fileRef = 6DF7BCCC12C50F7600BCF6B1 /* CCActionCamera.m */; };
		6DF7BDA512C50F7600BCF6B1 /* CCActionEase.m in Sources */ = {isa = PBXBuildFile; fileRef = 6DF7BCCE12C50F7600BCF6B1 /* CCActionEase.m */; };
		6DF7BDA612C50F7600BCF6B1 /* CCActionGrid.m in Sources */ = {isa = PBXBuildFile; fileRef = 6DF7BCD012C50F7600BCF6B1 /* CCActionGrid.m */; };
		6DF7BDA712C50F7600BCF6B1 /* CCActionGrid3D.m in Sources */ = {isa = PBXBuildFile; fileRef = 6DF7BCD212C50F7600BCF6B1 /* CCActionGrid3D.m */; };
		6DF7BDA812C50F7600BCF6B1 /* CCActionInstant.m in Sources */ = {isa = PBXBuildFile; fileRef = 6DF7BCD412C50F7600BCF6B1 /* CCActionInstant.m */; };
		6DF7BDA912C50F7600BCF6B1 /* CCActionInterval.m in Sources */ = {isa = PBXBuildFile; fileRef = 6DF7BCD612C50F7600BCF6B1 /* CCActionInterval.m */; };
		6DF7BDAA12C50F7600BCF6B1 /* CCActionManager.m in Sources */ = {isa = PBXBuildFile; fileRef = 6DF7BCD812C50F7600BCF6B1 /* CCActionManager.m */; };
		6DF7BDAB12C50F7600BCF6B1 /* CCActionPageTurn3D.m in Sources */ = {isa = PBXBuildFile; fileRef = 6DF7BCDA12C50F7600BCF6B1 /* CCActionPageTurn3D.m */; };
		6DF7BDAC12C50F7600BCF6B1 /* CCActionProgressTimer.m in Sources */ = {isa = PBXBuildFile; fileRef = 6DF7BCDC12C50F7600BCF6B1 /* CCActionProgressTimer.m */; };
		6DF7BDAD12C50F7600BCF6B1 /* CCActionTiledGrid.m in Sources */ = {isa = PBXBuildFile; fileRef = 6DF7BCDE12C50F7600BCF6B1 /* CCActionTiledGrid.m */; };
		6DF7BDAE12C50F7600BCF6B1 /* CCActionTween.m in Sources */ = {isa = PBXBuildFile; fileRef = 6DF7BCE012C50F7600BCF6B1 /* CCActionTween.m */; };
		6DF7BDAF12C50F7600BCF6B1 /* CCAnimation.m in Sources */ = {isa = PBXBuildFile; fileRef = 6DF7BCE212C50F7600BCF6B1 /* CCAnimation.m */; };
		6DF7BDB012C50F7600BCF6B1 /* CCAnimationCache.m in Sources */ = {isa = PBXBuildFile; fileRef = 6DF7BCE412C50F7600BCF6B1 /* CCAnimationCache.m */; };
		6DF7BDB112C50F7600BCF6B1 /* CCAtlasNode.m in Sources */ = {isa = PBXBuildFile; fileRef = 6DF7BCE612C50F7600BCF6B1 /* CCAtlasNode.m */; };
		6DF7BDB212C50F7600BCF6B1 /* CCBlockSupport.m in Sources */ = {isa = PBXBuildFile; fileRef = 6DF7BCE812C50F7600BCF6B1 /* CCBlockSupport.m */; };
		6DF7BDB312C50F7600BCF6B1 /* CCCamera.m in Sources */ = {isa = PBXBuildFile; fileRef = 6DF7BCEA12C50F7600BCF6B1 /* CCCamera.m */; };
		6DF7BDB412C50F7600BCF6B1 /* CCCompatibility.m in Sources */ = {isa = PBXBuildFile; fileRef = 6DF7BCEC12C50F7600BCF6B1 /* CCCompatibility.m */; };
		6DF7BDB512C50F7600BCF6B1 /* CCConfiguration.m in Sources */ = {isa = PBXBuildFile; fileRef = 6DF7BCEF12C50F7600BCF6B1 /* CCConfiguration.m */; };
		6DF7BDB612C50F7600BCF6B1 /* CCDirector.m in Sources */ = {isa = PBXBuildFile; fileRef = 6DF7BCF112C50F7600BCF6B1 /* CCDirector.m */; };
		6DF7BDB712C50F7600BCF6B1 /* CCDrawingPrimitives.m in Sources */ = {isa = PBXBuildFile; fileRef = 6DF7BCF312C50F7600BCF6B1 /* CCDrawingPrimitives.m */; };
		6DF7BDB812C50F7600BCF6B1 /* CCGrabber.m in Sources */ = {isa = PBXBuildFile; fileRef = 6DF7BCF512C50F7600BCF6B1 /* CCGrabber.m */; };
		6DF7BDB912C50F7600BCF6B1 /* CCGrid.m in Sources */ = {isa = PBXBuildFile; fileRef = 6DF7BCF712C50F7600BCF6B1 /* CCGrid.m */; };
		6DF7BDBA12C50F7600BCF6B1 /* CCLabelAtlas.m in Sources */ = {isa = PBXBuildFile; fileRef = 6DF7BCF912C50F7600BCF6B1 /* CCLabelAtlas.m */; };
		6DF7BDBB12C50F7600BCF6B1 /* CCLabelBMFont.m in Sources */ = {isa = PBXBuildFile; fileRef = 6DF7BCFB12C50F7600BCF6B1 /* CCLabelBMFont.m */; };
		6DF7BDBC12C50F7600BCF6B1 /* CCLabelTTF.m in Sources */ = {isa = PBXBuildFile; fileRef = 6DF7BCFD12C50F7600BCF6B1 /* CCLabelTTF.m */; };
		6DF7BDBD12C50F7600BCF6B1 /* CCLayer.m in Sources */ = {isa = PBXBuildFile; fileRef = 6DF7BCFF12C50F7600BCF6B1 /* CCLayer.m */; };
		6DF7BDBE12C50F7600BCF6B1 /* CCMenu.m in Sources */ = {isa = PBXBuildFile; fileRef = 6DF7BD0212C50F7600BCF6B1 /* CCMenu.m */; };
		6DF7BDBF12C50F7600BCF6B1 /* CCMenuItem.m in Sources */ = {isa = PBXBuildFile; fileRef = 6DF7BD0412C50F7600BCF6B1 /* CCMenuItem.m */; };
		6DF7BDC012C50F7600BCF6B1 /* CCMotionStreak.m in Sources */ = {isa = PBXBuildFile; fileRef = 6DF7BD0612C50F7600BCF6B1 /* CCMotionStreak.m */; };
		6DF7BDC112C50F7600BCF6B1 /* CCNode.m in Sources */ = {isa = PBXBuildFile; fileRef = 6DF7BD0812C50F7600BCF6B1 /* CCNode.m */; };
		6DF7BDC212C50F7600BCF6B1 /* CCParallaxNode.m in Sources */ = {isa = PBXBuildFile; fileRef = 6DF7BD0A12C50F7600BCF6B1 /* CCParallaxNode.m */; };
		6DF7BDC312C50F7600BCF6B1 /* CCParticleExamples.m in Sources */ = {isa = PBXBuildFile; fileRef = 6DF7BD0C12C50F7600BCF6B1 /* CCParticleExamples.m */; };
		6DF7BDC412C50F7600BCF6B1 /* CCParticleSystem.m in Sources */ = {isa = PBXBuildFile; fileRef = 6DF7BD0E12C50F7600BCF6B1 /* CCParticleSystem.m */; };
		6DF7BDC512C50F7600BCF6B1 /* CCParticleSystemPoint.m in Sources */ = {isa = PBXBuildFile; fileRef = 6DF7BD1012C50F7600BCF6B1 /* CCParticleSystemPoint.m */; };
		6DF7BDC612C50F7600BCF6B1 /* CCParticleSystemQuad.m in Sources */ = {isa = PBXBuildFile; fileRef = 6DF7BD1212C50F7600BCF6B1 /* CCParticleSystemQuad.m */; };
		6DF7BDC712C50F7600BCF6B1 /* CCProgressTimer.m in Sources */ = {isa = PBXBuildFile; fileRef = 6DF7BD1412C50F7600BCF6B1 /* CCProgressTimer.m */; };
		6DF7BDC812C50F7600BCF6B1 /* CCRenderTexture.m in Sources */ = {isa = PBXBuildFile; fileRef = 6DF7BD1712C50F7600BCF6B1 /* CCRenderTexture.m */; };
		6DF7BDC912C50F7600BCF6B1 /* CCRibbon.m in Sources */ = {isa = PBXBuildFile; fileRef = 6DF7BD1912C50F7600BCF6B1 /* CCRibbon.m */; };
		6DF7BDCA12C50F7600BCF6B1 /* CCScene.m in Sources */ = {isa = PBXBuildFile; fileRef = 6DF7BD1B12C50F7600BCF6B1 /* CCScene.m */; };
		6DF7BDCB12C50F7600BCF6B1 /* CCScheduler.m in Sources */ = {isa = PBXBuildFile; fileRef = 6DF7BD1D12C50F7600BCF6B1 /* CCScheduler.m */; };
		6DF7BDCC12C50F7600BCF6B1 /* CCSprite.m in Sources */ = {isa = PBXBuildFile; fileRef = 6DF7BD1F12C50F7600BCF6B1 /* CCSprite.m */; };
		6DF7BDCD12C50F7600BCF6B1 /* CCSpriteBatchNode.m in Sources */ = {isa = PBXBuildFile; fileRef = 6DF7BD2112C50F7600BCF6B1 /* CCSpriteBatchNode.m */; };
		6DF7BDCE12C50F7600BCF6B1 /* CCSpriteFrame.m in Sources */ = {isa = PBXBuildFile; fileRef = 6DF7BD2312C50F7600BCF6B1 /* CCSpriteFrame.m */; };
		6DF7BDCF12C50F7600BCF6B1 /* CCSpriteFrameCache.m in Sources */ = {isa = PBXBuildFile; fileRef = 6DF7BD2512C50F7600BCF6B1 /* CCSpriteFrameCache.m */; };
		6DF7BDD012C50F7600BCF6B1 /* CCSpriteSheet.m in Sources */ = {isa = PBXBuildFile; fileRef = 6DF7BD2712C50F7600BCF6B1 /* CCSpriteSheet.m */; };
		6DF7BDD112C50F7600BCF6B1 /* CCTexture2D.m in Sources */ = {isa = PBXBuildFile; fileRef = 6DF7BD2912C50F7600BCF6B1 /* CCTexture2D.m */; };
		6DF7BDD212C50F7600BCF6B1 /* CCTextureAtlas.m in Sources */ = {isa = PBXBuildFile; fileRef = 6DF7BD2B12C50F7600BCF6B1 /* CCTextureAtlas.m */; };
		6DF7BDD312C50F7600BCF6B1 /* CCTextureCache.m in Sources */ = {isa = PBXBuildFile; fileRef = 6DF7BD2D12C50F7600BCF6B1 /* CCTextureCache.m */; };
		6DF7BDD412C50F7600BCF6B1 /* CCTexturePVR.m in Sources */ = {isa = PBXBuildFile; fileRef = 6DF7BD2F12C50F7600BCF6B1 /* CCTexturePVR.m */; };
		6DF7BDD512C50F7600BCF6B1 /* CCTileMapAtlas.m in Sources */ = {isa = PBXBuildFile; fileRef = 6DF7BD3112C50F7600BCF6B1 /* CCTileMapAtlas.m */; };
		6DF7BDD612C50F7600BCF6B1 /* CCTMXLayer.m in Sources */ = {isa = PBXBuildFile; fileRef = 6DF7BD3312C50F7600BCF6B1 /* CCTMXLayer.m */; };
		6DF7BDD712C50F7600BCF6B1 /* CCTMXObjectGroup.m in Sources */ = {isa = PBXBuildFile; fileRef = 6DF7BD3512C50F7600BCF6B1 /* CCTMXObjectGroup.m */; };
		6DF7BDD812C50F7600BCF6B1 /* CCTMXTiledMap.m in Sources */ = {isa = PBXBuildFile; fileRef = 6DF7BD3712C50F7600BCF6B1 /* CCTMXTiledMap.m */; };
		6DF7BDD912C50F7600BCF6B1 /* CCTMXXMLParser.m in Sources */ = {isa = PBXBuildFile; fileRef = 6DF7BD3912C50F7600BCF6B1 /* CCTMXXMLParser.m */; };
		6DF7BDDA12C50F7600BCF6B1 /* CCTransition.m in Sources */ = {isa = PBXBuildFile; fileRef = 6DF7BD3B12C50F7600BCF6B1 /* CCTransition.m */; };
		6DF7BDDB12C50F7600BCF6B1 /* CCTransitionPageTurn.m in Sources */ = {isa = PBXBuildFile; fileRef = 6DF7BD3D12C50F7600BCF6B1 /* CCTransitionPageTurn.m */; };
		6DF7BDDC12C50F7600BCF6B1 /* CCTransitionRadial.m in Sources */ = {isa = PBXBuildFile; fileRef = 6DF7BD3F12C50F7600BCF6B1 /* CCTransitionRadial.m */; };
		6DF7BDDD12C50F7600BCF6B1 /* cocos2d.m in Sources */ = {isa = PBXBuildFile; fileRef = 6DF7BD4212C50F7600BCF6B1 /* cocos2d.m */; };
		6DF7BDDE12C50F7600BCF6B1 /* CCDirectorIOS.m in Sources */ = {isa = PBXBuildFile; fileRef = 6DF7BD4812C50F7600BCF6B1 /* CCDirectorIOS.m */; };
		6DF7BDDF12C50F7600BCF6B1 /* CCTouchDispatcher.m in Sources */ = {isa = PBXBuildFile; fileRef = 6DF7BD4B12C50F7600BCF6B1 /* CCTouchDispatcher.m */; };
		6DF7BDE012C50F7600BCF6B1 /* CCTouchHandler.m in Sources */ = {isa = PBXBuildFile; fileRef = 6DF7BD4D12C50F7600BCF6B1 /* CCTouchHandler.m */; };
		6DF7BDE112C50F7600BCF6B1 /* EAGLView.m in Sources */ = {isa = PBXBuildFile; fileRef = 6DF7BD4F12C50F7600BCF6B1 /* EAGLView.m */; };
		6DF7BDE212C50F7600BCF6B1 /* ES1Renderer.m in Sources */ = {isa = PBXBuildFile; fileRef = 6DF7BD5112C50F7600BCF6B1 /* ES1Renderer.m */; };
		6DF7BDE312C50F7600BCF6B1 /* glu.c in Sources */ = {isa = PBXBuildFile; fileRef = 6DF7BD5312C50F7600BCF6B1 /* glu.c */; };
		6DF7BDE412C50F7600BCF6B1 /* CCDirectorMac.m in Sources */ = {isa = PBXBuildFile; fileRef = 6DF7BD5712C50F7600BCF6B1 /* CCDirectorMac.m */; };
		6DF7BDE512C50F7600BCF6B1 /* CCEventDispatcher.m in Sources */ = {isa = PBXBuildFile; fileRef = 6DF7BD5912C50F7600BCF6B1 /* CCEventDispatcher.m */; };
		6DF7BDE612C50F7600BCF6B1 /* MacGLView.m in Sources */ = {isa = PBXBuildFile; fileRef = 6DF7BD5B12C50F7600BCF6B1 /* MacGLView.m */; };
		6DF7BDE712C50F7600BCF6B1 /* base64.c in Sources */ = {isa = PBXBuildFile; fileRef = 6DF7BD5D12C50F7600BCF6B1 /* base64.c */; };
		6DF7BDE812C50F7600BCF6B1 /* CCArray.m in Sources */ = {isa = PBXBuildFile; fileRef = 6DF7BD6012C50F7600BCF6B1 /* CCArray.m */; };
		6DF7BDE912C50F7600BCF6B1 /* CCFileUtils.m in Sources */ = {isa = PBXBuildFile; fileRef = 6DF7BD6312C50F7600BCF6B1 /* CCFileUtils.m */; };
		6DF7BDEA12C50F7600BCF6B1 /* CCProfiling.m in Sources */ = {isa = PBXBuildFile; fileRef = 6DF7BD6512C50F7600BCF6B1 /* CCProfiling.m */; };
		6DF7BDEB12C50F7600BCF6B1 /* ccUtils.c in Sources */ = {isa = PBXBuildFile; fileRef = 6DF7BD6612C50F7600BCF6B1 /* ccUtils.c */; };
		6DF7BDEC12C50F7600BCF6B1 /* CGPointExtension.m in Sources */ = {isa = PBXBuildFile; fileRef = 6DF7BD6912C50F7600BCF6B1 /* CGPointExtension.m */; };
		6DF7BDED12C50F7600BCF6B1 /* TGAlib.m in Sources */ = {isa = PBXBuildFile; fileRef = 6DF7BD6C12C50F7600BCF6B1 /* TGAlib.m */; };
		6DF7BDEE12C50F7600BCF6B1 /* TransformUtils.m in Sources */ = {isa = PBXBuildFile; fileRef = 6DF7BD6E12C50F7600BCF6B1 /* TransformUtils.m */; };
		6DF7BDEF12C50F7600BCF6B1 /* ZipUtils.m in Sources */ = {isa = PBXBuildFile; fileRef = 6DF7BD7212C50F7600BCF6B1 /* ZipUtils.m */; };
		6DF7BDF012C50F7600BCF6B1 /* CDAudioManager.m in Sources */ = {isa = PBXBuildFile; fileRef = 6DF7BD7512C50F7600BCF6B1 /* CDAudioManager.m */; };
		6DF7BDF112C50F7600BCF6B1 /* CDOpenALSupport.m in Sources */ = {isa = PBXBuildFile; fileRef = 6DF7BD7812C50F7600BCF6B1 /* CDOpenALSupport.m */; };
		6DF7BDF212C50F7600BCF6B1 /* CocosDenshion.m in Sources */ = {isa = PBXBuildFile; fileRef = 6DF7BD7A12C50F7600BCF6B1 /* CocosDenshion.m */; };
		6DF7BDF312C50F7600BCF6B1 /* SimpleAudioEngine.m in Sources */ = {isa = PBXBuildFile; fileRef = 6DF7BD7C12C50F7600BCF6B1 /* SimpleAudioEngine.m */; };
		6DF7BDF412C50F7600BCF6B1 /* CLScoreServerPost.m in Sources */ = {isa = PBXBuildFile; fileRef = 6DF7BD7F12C50F7600BCF6B1 /* CLScoreServerPost.m */; };
		6DF7BDF512C50F7600BCF6B1 /* CLScoreServerRequest.m in Sources */ = {isa = PBXBuildFile; fileRef = 6DF7BD8112C50F7600BCF6B1 /* CLScoreServerRequest.m */; };
		6DF7BDF612C50F7600BCF6B1 /* cocoslive.m in Sources */ = {isa = PBXBuildFile; fileRef = 6DF7BD8312C50F7600BCF6B1 /* cocoslive.m */; };
		6DF7BDF712C50F7600BCF6B1 /* ZAttributedString.m in Sources */ = {isa = PBXBuildFile; fileRef = 6DF7BD8612C50F7600BCF6B1 /* ZAttributedString.m */; };
		6DF7BDF812C50F7600BCF6B1 /* FontLabel.m in Sources */ = {isa = PBXBuildFile; fileRef = 6DF7BD8912C50F7600BCF6B1 /* FontLabel.m */; };
		6DF7BDF912C50F7600BCF6B1 /* FontLabelStringDrawing.m in Sources */ = {isa = PBXBuildFile; fileRef = 6DF7BD8B12C50F7600BCF6B1 /* FontLabelStringDrawing.m */; };
		6DF7BDFA12C50F7600BCF6B1 /* FontManager.m in Sources */ = {isa = PBXBuildFile; fileRef = 6DF7BD8D12C50F7600BCF6B1 /* FontManager.m */; };
		6DF7BDFB12C50F7600BCF6B1 /* ZFont.m in Sources */ = {isa = PBXBuildFile; fileRef = 6DF7BD8F12C50F7600BCF6B1 /* ZFont.m */; };
		6DF7BDFC12C50F7600BCF6B1 /* CDataScanner.m in Sources */ = {isa = PBXBuildFile; fileRef = 6DF7BD9212C50F7600BCF6B1 /* CDataScanner.m */; };
		6DF7BDFD12C50F7600BCF6B1 /* CDataScanner_Extensions.m in Sources */ = {isa = PBXBuildFile; fileRef = 6DF7BD9512C50F7600BCF6B1 /* CDataScanner_Extensions.m */; };
		6DF7BDFE12C50F7600BCF6B1 /* NSCharacterSet_Extensions.m in Sources */ = {isa = PBXBuildFile; fileRef = 6DF7BD9712C50F7600BCF6B1 /* NSCharacterSet_Extensions.m */; };
		6DF7BDFF12C50F7600BCF6B1 /* NSDictionary_JSONExtensions.m in Sources */ = {isa = PBXBuildFile; fileRef = 6DF7BD9912C50F7600BCF6B1 /* NSDictionary_JSONExtensions.m */; };
		6DF7BE0012C50F7600BCF6B1 /* NSScanner_Extensions.m in Sources */ = {isa = PBXBuildFile; fileRef = 6DF7BD9B12C50F7600BCF6B1 /* NSScanner_Extensions.m */; };
		6DF7BE0112C50F7600BCF6B1 /* CJSONDeserializer.m in Sources */ = {isa = PBXBuildFile; fileRef = 6DF7BD9E12C50F7600BCF6B1 /* CJSONDeserializer.m */; };
		6DF7BE0212C50F7600BCF6B1 /* CJSONScanner.m in Sources */ = {isa = PBXBuildFile; fileRef = 6DF7BDA012C50F7600BCF6B1 /* CJSONScanner.m */; };
		6DF7BE0312C50F7600BCF6B1 /* CJSONSerializer.m in Sources */ = {isa = PBXBuildFile; fileRef = 6DF7BDA212C50F7600BCF6B1 /* CJSONSerializer.m */; };
		DC6640030F83B3EA000B3E49 /* AudioToolbox.framework in Frameworks */ = {isa = PBXBuildFile; fileRef = DC6640020F83B3EA000B3E49 /* AudioToolbox.framework */; };
		DC6640050F83B3EA000B3E49 /* OpenAL.framework in Frameworks */ = {isa = PBXBuildFile; fileRef = DC6640040F83B3EA000B3E49 /* OpenAL.framework */; };
		DCCBF1B70F6022AE0040855A /* CoreGraphics.framework in Frameworks */ = {isa = PBXBuildFile; fileRef = DCCBF1B60F6022AE0040855A /* CoreGraphics.framework */; };
		DCCBF1B90F6022AE0040855A /* Foundation.framework in Frameworks */ = {isa = PBXBuildFile; fileRef = DCCBF1B80F6022AE0040855A /* Foundation.framework */; };
		DCCBF1BB0F6022AE0040855A /* OpenGLES.framework in Frameworks */ = {isa = PBXBuildFile; fileRef = DCCBF1BA0F6022AE0040855A /* OpenGLES.framework */; };
		DCCBF1BD0F6022AE0040855A /* QuartzCore.framework in Frameworks */ = {isa = PBXBuildFile; fileRef = DCCBF1BC0F6022AE0040855A /* QuartzCore.framework */; };
		DCCBF1BF0F6022AE0040855A /* UIKit.framework in Frameworks */ = {isa = PBXBuildFile; fileRef = DCCBF1BE0F6022AE0040855A /* UIKit.framework */; };
/* End PBXBuildFile section */

/* Begin PBXFileReference section */
		1D6058910D05DD3D006BFB54 /* PanelsExample.app */ = {isa = PBXFileReference; explicitFileType = wrapper.application; includeInIndex = 0; path = PanelsExample.app; sourceTree = BUILT_PRODUCTS_DIR; };
		1F3B9A2B0EF2145700286867 /* shapesAppDelegate.m */ = {isa = PBXFileReference; fileEncoding = 4; lastKnownFileType = sourcecode.c.objc; name = shapesAppDelegate.m; path = Classes/shapesAppDelegate.m; sourceTree = SOURCE_ROOT; };
		1F3B9A2C0EF2145700286867 /* shapesAppDelegate.h */ = {isa = PBXFileReference; fileEncoding = 4; lastKnownFileType = sourcecode.c.h; name = shapesAppDelegate.h; path = Classes/shapesAppDelegate.h; sourceTree = SOURCE_ROOT; };
		1F3B9A820EF2151B00286867 /* shapes_Prefix.pch */ = {isa = PBXFileReference; fileEncoding = 4; lastKnownFileType = sourcecode.c.h; path = shapes_Prefix.pch; sourceTree = SOURCE_ROOT; };
		29B97316FDCFA39411CA2CEA /* main.m */ = {isa = PBXFileReference; fileEncoding = 4; lastKnownFileType = sourcecode.c.objc; path = main.m; sourceTree = "<group>"; };
		433BD81F1201C7090025525E /* NMPanelMenu.h */ = {isa = PBXFileReference; fileEncoding = 4; lastKnownFileType = sourcecode.c.h; path = NMPanelMenu.h; sourceTree = "<group>"; };
		433BD8201201C7090025525E /* NMPanelMenu.m */ = {isa = PBXFileReference; fileEncoding = 4; lastKnownFileType = sourcecode.c.objc; path = NMPanelMenu.m; sourceTree = "<group>"; };
		433BD8481201C73F0025525E /* NMPanelMenuItem.h */ = {isa = PBXFileReference; fileEncoding = 4; lastKnownFileType = sourcecode.c.h; path = NMPanelMenuItem.h; sourceTree = "<group>"; };
		433BD8491201C73F0025525E /* NMPanelMenuItem.m */ = {isa = PBXFileReference; fileEncoding = 4; lastKnownFileType = sourcecode.c.objc; path = NMPanelMenuItem.m; sourceTree = "<group>"; };
		4365CA5B120A6AFB00E598B9 /* MediaPlayer.framework */ = {isa = PBXFileReference; lastKnownFileType = wrapper.framework; name = MediaPlayer.framework; path = System/Library/Frameworks/MediaPlayer.framework; sourceTree = SDKROOT; };
		436B00F011FFB124007B2F00 /* SynthesizeSingleton.h */ = {isa = PBXFileReference; fileEncoding = 4; lastKnownFileType = sourcecode.c.h; name = SynthesizeSingleton.h; path = Classes/Other/SynthesizeSingleton.h; sourceTree = "<group>"; };
		43A94B451222B5990030A3BA /* HCUPPanelScene.h */ = {isa = PBXFileReference; fileEncoding = 4; lastKnownFileType = sourcecode.c.h; path = HCUPPanelScene.h; sourceTree = "<group>"; };
		43A94B461222B5990030A3BA /* HCUPPanelScene.m */ = {isa = PBXFileReference; fileEncoding = 4; lastKnownFileType = sourcecode.c.objc; path = HCUPPanelScene.m; sourceTree = "<group>"; };
		43A94B5C1222B87D0030A3BA /* CocosOverlayScrollView.h */ = {isa = PBXFileReference; fileEncoding = 4; lastKnownFileType = sourcecode.c.h; path = CocosOverlayScrollView.h; sourceTree = "<group>"; };
		43A94B5D1222B87D0030A3BA /* CocosOverlayScrollView.m */ = {isa = PBXFileReference; fileEncoding = 4; lastKnownFileType = sourcecode.c.objc; path = CocosOverlayScrollView.m; sourceTree = "<group>"; };
		43D170D2122345AA0081657D /* TouchDelegatingView.h */ = {isa = PBXFileReference; fileEncoding = 4; lastKnownFileType = sourcecode.c.h; path = TouchDelegatingView.h; sourceTree = "<group>"; };
		43D170D3122345AA0081657D /* TouchDelegatingView.m */ = {isa = PBXFileReference; fileEncoding = 4; lastKnownFileType = sourcecode.c.objc; path = TouchDelegatingView.m; sourceTree = "<group>"; };
		43D92D7C11FDD3E80055D2D5 /* common.h */ = {isa = PBXFileReference; fileEncoding = 4; lastKnownFileType = sourcecode.c.h; path = common.h; sourceTree = "<group>"; };
		43F538D9123682CD00D74B1E /* amazon-panel.png */ = {isa = PBXFileReference; lastKnownFileType = image.png; path = "amazon-panel.png"; sourceTree = "<group>"; };
		43F538DA123682CD00D74B1E /* arctic-panel.png */ = {isa = PBXFileReference; lastKnownFileType = image.png; path = "arctic-panel.png"; sourceTree = "<group>"; };
		43F538DB123682CD00D74B1E /* brkfst-panel.png */ = {isa = PBXFileReference; lastKnownFileType = image.png; path = "brkfst-panel.png"; sourceTree = "<group>"; };
		43F538DC123682CD00D74B1E /* camp-panel.png */ = {isa = PBXFileReference; lastKnownFileType = image.png; path = "camp-panel.png"; sourceTree = "<group>"; };
		43F538DD123682CD00D74B1E /* city-panel.png */ = {isa = PBXFileReference; lastKnownFileType = image.png; path = "city-panel.png"; sourceTree = "<group>"; };
		43F538DE123682CD00D74B1E /* frames-glow.png */ = {isa = PBXFileReference; lastKnownFileType = image.png; path = "frames-glow.png"; sourceTree = "<group>"; };
		43F538DF123682CD00D74B1E /* paper-background.png */ = {isa = PBXFileReference; lastKnownFileType = image.png; path = "paper-background.png"; sourceTree = "<group>"; };
		504DFC6810AF1739006D82FE /* LICENSE.cocos2d */ = {isa = PBXFileReference; fileEncoding = 4; lastKnownFileType = text; path = LICENSE.cocos2d; sourceTree = "<group>"; };
		504DFC6910AF1739006D82FE /* LICENSE.cocosdenshion */ = {isa = PBXFileReference; fileEncoding = 4; lastKnownFileType = text; path = LICENSE.cocosdenshion; sourceTree = "<group>"; };
		506EDB87102F4C4000A389B3 /* libz.dylib */ = {isa = PBXFileReference; lastKnownFileType = "compiled.mach-o.dylib"; name = libz.dylib; path = usr/lib/libz.dylib; sourceTree = SDKROOT; };
		506EDBA4102F4C9F00A389B3 /* AVFoundation.framework */ = {isa = PBXFileReference; lastKnownFileType = wrapper.framework; name = AVFoundation.framework; path = System/Library/Frameworks/AVFoundation.framework; sourceTree = SDKROOT; };
		50F414ED1069373D002A0D5E /* fps_images.png */ = {isa = PBXFileReference; lastKnownFileType = image.png; path = fps_images.png; sourceTree = "<group>"; };
		50F414EE1069373D002A0D5E /* Icon.png */ = {isa = PBXFileReference; lastKnownFileType = image.png; path = Icon.png; sourceTree = "<group>"; };
		50F414EF1069373D002A0D5E /* Info.plist */ = {isa = PBXFileReference; fileEncoding = 4; lastKnownFileType = text.plist.xml; path = Info.plist; sourceTree = "<group>"; };
		6DF7BCC912C50F7600BCF6B1 /* CCAction.h */ = {isa = PBXFileReference; fileEncoding = 4; lastKnownFileType = sourcecode.c.h; path = CCAction.h; sourceTree = "<group>"; };
		6DF7BCCA12C50F7600BCF6B1 /* CCAction.m */ = {isa = PBXFileReference; fileEncoding = 4; lastKnownFileType = sourcecode.c.objc; path = CCAction.m; sourceTree = "<group>"; };
		6DF7BCCB12C50F7600BCF6B1 /* CCActionCamera.h */ = {isa = PBXFileReference; fileEncoding = 4; lastKnownFileType = sourcecode.c.h; path = CCActionCamera.h; sourceTree = "<group>"; };
		6DF7BCCC12C50F7600BCF6B1 /* CCActionCamera.m */ = {isa = PBXFileReference; fileEncoding = 4; lastKnownFileType = sourcecode.c.objc; path = CCActionCamera.m; sourceTree = "<group>"; };
		6DF7BCCD12C50F7600BCF6B1 /* CCActionEase.h */ = {isa = PBXFileReference; fileEncoding = 4; lastKnownFileType = sourcecode.c.h; path = CCActionEase.h; sourceTree = "<group>"; };
		6DF7BCCE12C50F7600BCF6B1 /* CCActionEase.m */ = {isa = PBXFileReference; fileEncoding = 4; lastKnownFileType = sourcecode.c.objc; path = CCActionEase.m; sourceTree = "<group>"; };
		6DF7BCCF12C50F7600BCF6B1 /* CCActionGrid.h */ = {isa = PBXFileReference; fileEncoding = 4; lastKnownFileType = sourcecode.c.h; path = CCActionGrid.h; sourceTree = "<group>"; };
		6DF7BCD012C50F7600BCF6B1 /* CCActionGrid.m */ = {isa = PBXFileReference; fileEncoding = 4; lastKnownFileType = sourcecode.c.objc; path = CCActionGrid.m; sourceTree = "<group>"; };
		6DF7BCD112C50F7600BCF6B1 /* CCActionGrid3D.h */ = {isa = PBXFileReference; fileEncoding = 4; lastKnownFileType = sourcecode.c.h; path = CCActionGrid3D.h; sourceTree = "<group>"; };
		6DF7BCD212C50F7600BCF6B1 /* CCActionGrid3D.m */ = {isa = PBXFileReference; fileEncoding = 4; lastKnownFileType = sourcecode.c.objc; path = CCActionGrid3D.m; sourceTree = "<group>"; };
		6DF7BCD312C50F7600BCF6B1 /* CCActionInstant.h */ = {isa = PBXFileReference; fileEncoding = 4; lastKnownFileType = sourcecode.c.h; path = CCActionInstant.h; sourceTree = "<group>"; };
		6DF7BCD412C50F7600BCF6B1 /* CCActionInstant.m */ = {isa = PBXFileReference; fileEncoding = 4; lastKnownFileType = sourcecode.c.objc; path = CCActionInstant.m; sourceTree = "<group>"; };
		6DF7BCD512C50F7600BCF6B1 /* CCActionInterval.h */ = {isa = PBXFileReference; fileEncoding = 4; lastKnownFileType = sourcecode.c.h; path = CCActionInterval.h; sourceTree = "<group>"; };
		6DF7BCD612C50F7600BCF6B1 /* CCActionInterval.m */ = {isa = PBXFileReference; fileEncoding = 4; lastKnownFileType = sourcecode.c.objc; path = CCActionInterval.m; sourceTree = "<group>"; };
		6DF7BCD712C50F7600BCF6B1 /* CCActionManager.h */ = {isa = PBXFileReference; fileEncoding = 4; lastKnownFileType = sourcecode.c.h; path = CCActionManager.h; sourceTree = "<group>"; };
		6DF7BCD812C50F7600BCF6B1 /* CCActionManager.m */ = {isa = PBXFileReference; fileEncoding = 4; lastKnownFileType = sourcecode.c.objc; path = CCActionManager.m; sourceTree = "<group>"; };
		6DF7BCD912C50F7600BCF6B1 /* CCActionPageTurn3D.h */ = {isa = PBXFileReference; fileEncoding = 4; lastKnownFileType = sourcecode.c.h; path = CCActionPageTurn3D.h; sourceTree = "<group>"; };
		6DF7BCDA12C50F7600BCF6B1 /* CCActionPageTurn3D.m */ = {isa = PBXFileReference; fileEncoding = 4; lastKnownFileType = sourcecode.c.objc; path = CCActionPageTurn3D.m; sourceTree = "<group>"; };
		6DF7BCDB12C50F7600BCF6B1 /* CCActionProgressTimer.h */ = {isa = PBXFileReference; fileEncoding = 4; lastKnownFileType = sourcecode.c.h; path = CCActionProgressTimer.h; sourceTree = "<group>"; };
		6DF7BCDC12C50F7600BCF6B1 /* CCActionProgressTimer.m */ = {isa = PBXFileReference; fileEncoding = 4; lastKnownFileType = sourcecode.c.objc; path = CCActionProgressTimer.m; sourceTree = "<group>"; };
		6DF7BCDD12C50F7600BCF6B1 /* CCActionTiledGrid.h */ = {isa = PBXFileReference; fileEncoding = 4; lastKnownFileType = sourcecode.c.h; path = CCActionTiledGrid.h; sourceTree = "<group>"; };
		6DF7BCDE12C50F7600BCF6B1 /* CCActionTiledGrid.m */ = {isa = PBXFileReference; fileEncoding = 4; lastKnownFileType = sourcecode.c.objc; path = CCActionTiledGrid.m; sourceTree = "<group>"; };
		6DF7BCDF12C50F7600BCF6B1 /* CCActionTween.h */ = {isa = PBXFileReference; fileEncoding = 4; lastKnownFileType = sourcecode.c.h; path = CCActionTween.h; sourceTree = "<group>"; };
		6DF7BCE012C50F7600BCF6B1 /* CCActionTween.m */ = {isa = PBXFileReference; fileEncoding = 4; lastKnownFileType = sourcecode.c.objc; path = CCActionTween.m; sourceTree = "<group>"; };
		6DF7BCE112C50F7600BCF6B1 /* CCAnimation.h */ = {isa = PBXFileReference; fileEncoding = 4; lastKnownFileType = sourcecode.c.h; path = CCAnimation.h; sourceTree = "<group>"; };
		6DF7BCE212C50F7600BCF6B1 /* CCAnimation.m */ = {isa = PBXFileReference; fileEncoding = 4; lastKnownFileType = sourcecode.c.objc; path = CCAnimation.m; sourceTree = "<group>"; };
		6DF7BCE312C50F7600BCF6B1 /* CCAnimationCache.h */ = {isa = PBXFileReference; fileEncoding = 4; lastKnownFileType = sourcecode.c.h; path = CCAnimationCache.h; sourceTree = "<group>"; };
		6DF7BCE412C50F7600BCF6B1 /* CCAnimationCache.m */ = {isa = PBXFileReference; fileEncoding = 4; lastKnownFileType = sourcecode.c.objc; path = CCAnimationCache.m; sourceTree = "<group>"; };
		6DF7BCE512C50F7600BCF6B1 /* CCAtlasNode.h */ = {isa = PBXFileReference; fileEncoding = 4; lastKnownFileType = sourcecode.c.h; path = CCAtlasNode.h; sourceTree = "<group>"; };
		6DF7BCE612C50F7600BCF6B1 /* CCAtlasNode.m */ = {isa = PBXFileReference; fileEncoding = 4; lastKnownFileType = sourcecode.c.objc; path = CCAtlasNode.m; sourceTree = "<group>"; };
		6DF7BCE712C50F7600BCF6B1 /* CCBlockSupport.h */ = {isa = PBXFileReference; fileEncoding = 4; lastKnownFileType = sourcecode.c.h; path = CCBlockSupport.h; sourceTree = "<group>"; };
		6DF7BCE812C50F7600BCF6B1 /* CCBlockSupport.m */ = {isa = PBXFileReference; fileEncoding = 4; lastKnownFileType = sourcecode.c.objc; path = CCBlockSupport.m; sourceTree = "<group>"; };
		6DF7BCE912C50F7600BCF6B1 /* CCCamera.h */ = {isa = PBXFileReference; fileEncoding = 4; lastKnownFileType = sourcecode.c.h; path = CCCamera.h; sourceTree = "<group>"; };
		6DF7BCEA12C50F7600BCF6B1 /* CCCamera.m */ = {isa = PBXFileReference; fileEncoding = 4; lastKnownFileType = sourcecode.c.objc; path = CCCamera.m; sourceTree = "<group>"; };
		6DF7BCEB12C50F7600BCF6B1 /* CCCompatibility.h */ = {isa = PBXFileReference; fileEncoding = 4; lastKnownFileType = sourcecode.c.h; path = CCCompatibility.h; sourceTree = "<group>"; };
		6DF7BCEC12C50F7600BCF6B1 /* CCCompatibility.m */ = {isa = PBXFileReference; fileEncoding = 4; lastKnownFileType = sourcecode.c.objc; path = CCCompatibility.m; sourceTree = "<group>"; };
		6DF7BCED12C50F7600BCF6B1 /* ccConfig.h */ = {isa = PBXFileReference; fileEncoding = 4; lastKnownFileType = sourcecode.c.h; path = ccConfig.h; sourceTree = "<group>"; };
		6DF7BCEE12C50F7600BCF6B1 /* CCConfiguration.h */ = {isa = PBXFileReference; fileEncoding = 4; lastKnownFileType = sourcecode.c.h; path = CCConfiguration.h; sourceTree = "<group>"; };
		6DF7BCEF12C50F7600BCF6B1 /* CCConfiguration.m */ = {isa = PBXFileReference; fileEncoding = 4; lastKnownFileType = sourcecode.c.objc; path = CCConfiguration.m; sourceTree = "<group>"; };
		6DF7BCF012C50F7600BCF6B1 /* CCDirector.h */ = {isa = PBXFileReference; fileEncoding = 4; lastKnownFileType = sourcecode.c.h; path = CCDirector.h; sourceTree = "<group>"; };
		6DF7BCF112C50F7600BCF6B1 /* CCDirector.m */ = {isa = PBXFileReference; fileEncoding = 4; lastKnownFileType = sourcecode.c.objc; path = CCDirector.m; sourceTree = "<group>"; };
		6DF7BCF212C50F7600BCF6B1 /* CCDrawingPrimitives.h */ = {isa = PBXFileReference; fileEncoding = 4; lastKnownFileType = sourcecode.c.h; path = CCDrawingPrimitives.h; sourceTree = "<group>"; };
		6DF7BCF312C50F7600BCF6B1 /* CCDrawingPrimitives.m */ = {isa = PBXFileReference; fileEncoding = 4; lastKnownFileType = sourcecode.c.objc; path = CCDrawingPrimitives.m; sourceTree = "<group>"; };
		6DF7BCF412C50F7600BCF6B1 /* CCGrabber.h */ = {isa = PBXFileReference; fileEncoding = 4; lastKnownFileType = sourcecode.c.h; path = CCGrabber.h; sourceTree = "<group>"; };
		6DF7BCF512C50F7600BCF6B1 /* CCGrabber.m */ = {isa = PBXFileReference; fileEncoding = 4; lastKnownFileType = sourcecode.c.objc; path = CCGrabber.m; sourceTree = "<group>"; };
		6DF7BCF612C50F7600BCF6B1 /* CCGrid.h */ = {isa = PBXFileReference; fileEncoding = 4; lastKnownFileType = sourcecode.c.h; path = CCGrid.h; sourceTree = "<group>"; };
		6DF7BCF712C50F7600BCF6B1 /* CCGrid.m */ = {isa = PBXFileReference; fileEncoding = 4; lastKnownFileType = sourcecode.c.objc; path = CCGrid.m; sourceTree = "<group>"; };
		6DF7BCF812C50F7600BCF6B1 /* CCLabelAtlas.h */ = {isa = PBXFileReference; fileEncoding = 4; lastKnownFileType = sourcecode.c.h; path = CCLabelAtlas.h; sourceTree = "<group>"; };
		6DF7BCF912C50F7600BCF6B1 /* CCLabelAtlas.m */ = {isa = PBXFileReference; fileEncoding = 4; lastKnownFileType = sourcecode.c.objc; path = CCLabelAtlas.m; sourceTree = "<group>"; };
		6DF7BCFA12C50F7600BCF6B1 /* CCLabelBMFont.h */ = {isa = PBXFileReference; fileEncoding = 4; lastKnownFileType = sourcecode.c.h; path = CCLabelBMFont.h; sourceTree = "<group>"; };
		6DF7BCFB12C50F7600BCF6B1 /* CCLabelBMFont.m */ = {isa = PBXFileReference; fileEncoding = 4; lastKnownFileType = sourcecode.c.objc; path = CCLabelBMFont.m; sourceTree = "<group>"; };
		6DF7BCFC12C50F7600BCF6B1 /* CCLabelTTF.h */ = {isa = PBXFileReference; fileEncoding = 4; lastKnownFileType = sourcecode.c.h; path = CCLabelTTF.h; sourceTree = "<group>"; };
		6DF7BCFD12C50F7600BCF6B1 /* CCLabelTTF.m */ = {isa = PBXFileReference; fileEncoding = 4; lastKnownFileType = sourcecode.c.objc; path = CCLabelTTF.m; sourceTree = "<group>"; };
		6DF7BCFE12C50F7600BCF6B1 /* CCLayer.h */ = {isa = PBXFileReference; fileEncoding = 4; lastKnownFileType = sourcecode.c.h; path = CCLayer.h; sourceTree = "<group>"; };
		6DF7BCFF12C50F7600BCF6B1 /* CCLayer.m */ = {isa = PBXFileReference; fileEncoding = 4; lastKnownFileType = sourcecode.c.objc; path = CCLayer.m; sourceTree = "<group>"; };
		6DF7BD0012C50F7600BCF6B1 /* ccMacros.h */ = {isa = PBXFileReference; fileEncoding = 4; lastKnownFileType = sourcecode.c.h; path = ccMacros.h; sourceTree = "<group>"; };
		6DF7BD0112C50F7600BCF6B1 /* CCMenu.h */ = {isa = PBXFileReference; fileEncoding = 4; lastKnownFileType = sourcecode.c.h; path = CCMenu.h; sourceTree = "<group>"; };
		6DF7BD0212C50F7600BCF6B1 /* CCMenu.m */ = {isa = PBXFileReference; fileEncoding = 4; lastKnownFileType = sourcecode.c.objc; path = CCMenu.m; sourceTree = "<group>"; };
		6DF7BD0312C50F7600BCF6B1 /* CCMenuItem.h */ = {isa = PBXFileReference; fileEncoding = 4; lastKnownFileType = sourcecode.c.h; path = CCMenuItem.h; sourceTree = "<group>"; };
		6DF7BD0412C50F7600BCF6B1 /* CCMenuItem.m */ = {isa = PBXFileReference; fileEncoding = 4; lastKnownFileType = sourcecode.c.objc; path = CCMenuItem.m; sourceTree = "<group>"; };
		6DF7BD0512C50F7600BCF6B1 /* CCMotionStreak.h */ = {isa = PBXFileReference; fileEncoding = 4; lastKnownFileType = sourcecode.c.h; path = CCMotionStreak.h; sourceTree = "<group>"; };
		6DF7BD0612C50F7600BCF6B1 /* CCMotionStreak.m */ = {isa = PBXFileReference; fileEncoding = 4; lastKnownFileType = sourcecode.c.objc; path = CCMotionStreak.m; sourceTree = "<group>"; };
		6DF7BD0712C50F7600BCF6B1 /* CCNode.h */ = {isa = PBXFileReference; fileEncoding = 4; lastKnownFileType = sourcecode.c.h; path = CCNode.h; sourceTree = "<group>"; };
		6DF7BD0812C50F7600BCF6B1 /* CCNode.m */ = {isa = PBXFileReference; fileEncoding = 4; lastKnownFileType = sourcecode.c.objc; path = CCNode.m; sourceTree = "<group>"; };
		6DF7BD0912C50F7600BCF6B1 /* CCParallaxNode.h */ = {isa = PBXFileReference; fileEncoding = 4; lastKnownFileType = sourcecode.c.h; path = CCParallaxNode.h; sourceTree = "<group>"; };
		6DF7BD0A12C50F7600BCF6B1 /* CCParallaxNode.m */ = {isa = PBXFileReference; fileEncoding = 4; lastKnownFileType = sourcecode.c.objc; path = CCParallaxNode.m; sourceTree = "<group>"; };
		6DF7BD0B12C50F7600BCF6B1 /* CCParticleExamples.h */ = {isa = PBXFileReference; fileEncoding = 4; lastKnownFileType = sourcecode.c.h; path = CCParticleExamples.h; sourceTree = "<group>"; };
		6DF7BD0C12C50F7600BCF6B1 /* CCParticleExamples.m */ = {isa = PBXFileReference; fileEncoding = 4; lastKnownFileType = sourcecode.c.objc; path = CCParticleExamples.m; sourceTree = "<group>"; };
		6DF7BD0D12C50F7600BCF6B1 /* CCParticleSystem.h */ = {isa = PBXFileReference; fileEncoding = 4; lastKnownFileType = sourcecode.c.h; path = CCParticleSystem.h; sourceTree = "<group>"; };
		6DF7BD0E12C50F7600BCF6B1 /* CCParticleSystem.m */ = {isa = PBXFileReference; fileEncoding = 4; lastKnownFileType = sourcecode.c.objc; path = CCParticleSystem.m; sourceTree = "<group>"; };
		6DF7BD0F12C50F7600BCF6B1 /* CCParticleSystemPoint.h */ = {isa = PBXFileReference; fileEncoding = 4; lastKnownFileType = sourcecode.c.h; path = CCParticleSystemPoint.h; sourceTree = "<group>"; };
		6DF7BD1012C50F7600BCF6B1 /* CCParticleSystemPoint.m */ = {isa = PBXFileReference; fileEncoding = 4; lastKnownFileType = sourcecode.c.objc; path = CCParticleSystemPoint.m; sourceTree = "<group>"; };
		6DF7BD1112C50F7600BCF6B1 /* CCParticleSystemQuad.h */ = {isa = PBXFileReference; fileEncoding = 4; lastKnownFileType = sourcecode.c.h; path = CCParticleSystemQuad.h; sourceTree = "<group>"; };
		6DF7BD1212C50F7600BCF6B1 /* CCParticleSystemQuad.m */ = {isa = PBXFileReference; fileEncoding = 4; lastKnownFileType = sourcecode.c.objc; path = CCParticleSystemQuad.m; sourceTree = "<group>"; };
		6DF7BD1312C50F7600BCF6B1 /* CCProgressTimer.h */ = {isa = PBXFileReference; fileEncoding = 4; lastKnownFileType = sourcecode.c.h; path = CCProgressTimer.h; sourceTree = "<group>"; };
		6DF7BD1412C50F7600BCF6B1 /* CCProgressTimer.m */ = {isa = PBXFileReference; fileEncoding = 4; lastKnownFileType = sourcecode.c.objc; path = CCProgressTimer.m; sourceTree = "<group>"; };
		6DF7BD1512C50F7600BCF6B1 /* CCProtocols.h */ = {isa = PBXFileReference; fileEncoding = 4; lastKnownFileType = sourcecode.c.h; path = CCProtocols.h; sourceTree = "<group>"; };
		6DF7BD1612C50F7600BCF6B1 /* CCRenderTexture.h */ = {isa = PBXFileReference; fileEncoding = 4; lastKnownFileType = sourcecode.c.h; path = CCRenderTexture.h; sourceTree = "<group>"; };
		6DF7BD1712C50F7600BCF6B1 /* CCRenderTexture.m */ = {isa = PBXFileReference; fileEncoding = 4; lastKnownFileType = sourcecode.c.objc; path = CCRenderTexture.m; sourceTree = "<group>"; };
		6DF7BD1812C50F7600BCF6B1 /* CCRibbon.h */ = {isa = PBXFileReference; fileEncoding = 4; lastKnownFileType = sourcecode.c.h; path = CCRibbon.h; sourceTree = "<group>"; };
		6DF7BD1912C50F7600BCF6B1 /* CCRibbon.m */ = {isa = PBXFileReference; fileEncoding = 4; lastKnownFileType = sourcecode.c.objc; path = CCRibbon.m; sourceTree = "<group>"; };
		6DF7BD1A12C50F7600BCF6B1 /* CCScene.h */ = {isa = PBXFileReference; fileEncoding = 4; lastKnownFileType = sourcecode.c.h; path = CCScene.h; sourceTree = "<group>"; };
		6DF7BD1B12C50F7600BCF6B1 /* CCScene.m */ = {isa = PBXFileReference; fileEncoding = 4; lastKnownFileType = sourcecode.c.objc; path = CCScene.m; sourceTree = "<group>"; };
		6DF7BD1C12C50F7600BCF6B1 /* CCScheduler.h */ = {isa = PBXFileReference; fileEncoding = 4; lastKnownFileType = sourcecode.c.h; path = CCScheduler.h; sourceTree = "<group>"; };
		6DF7BD1D12C50F7600BCF6B1 /* CCScheduler.m */ = {isa = PBXFileReference; fileEncoding = 4; lastKnownFileType = sourcecode.c.objc; path = CCScheduler.m; sourceTree = "<group>"; };
		6DF7BD1E12C50F7600BCF6B1 /* CCSprite.h */ = {isa = PBXFileReference; fileEncoding = 4; lastKnownFileType = sourcecode.c.h; path = CCSprite.h; sourceTree = "<group>"; };
		6DF7BD1F12C50F7600BCF6B1 /* CCSprite.m */ = {isa = PBXFileReference; fileEncoding = 4; lastKnownFileType = sourcecode.c.objc; path = CCSprite.m; sourceTree = "<group>"; };
		6DF7BD2012C50F7600BCF6B1 /* CCSpriteBatchNode.h */ = {isa = PBXFileReference; fileEncoding = 4; lastKnownFileType = sourcecode.c.h; path = CCSpriteBatchNode.h; sourceTree = "<group>"; };
		6DF7BD2112C50F7600BCF6B1 /* CCSpriteBatchNode.m */ = {isa = PBXFileReference; fileEncoding = 4; lastKnownFileType = sourcecode.c.objc; path = CCSpriteBatchNode.m; sourceTree = "<group>"; };
		6DF7BD2212C50F7600BCF6B1 /* CCSpriteFrame.h */ = {isa = PBXFileReference; fileEncoding = 4; lastKnownFileType = sourcecode.c.h; path = CCSpriteFrame.h; sourceTree = "<group>"; };
		6DF7BD2312C50F7600BCF6B1 /* CCSpriteFrame.m */ = {isa = PBXFileReference; fileEncoding = 4; lastKnownFileType = sourcecode.c.objc; path = CCSpriteFrame.m; sourceTree = "<group>"; };
		6DF7BD2412C50F7600BCF6B1 /* CCSpriteFrameCache.h */ = {isa = PBXFileReference; fileEncoding = 4; lastKnownFileType = sourcecode.c.h; path = CCSpriteFrameCache.h; sourceTree = "<group>"; };
		6DF7BD2512C50F7600BCF6B1 /* CCSpriteFrameCache.m */ = {isa = PBXFileReference; fileEncoding = 4; lastKnownFileType = sourcecode.c.objc; path = CCSpriteFrameCache.m; sourceTree = "<group>"; };
		6DF7BD2612C50F7600BCF6B1 /* CCSpriteSheet.h */ = {isa = PBXFileReference; fileEncoding = 4; lastKnownFileType = sourcecode.c.h; path = CCSpriteSheet.h; sourceTree = "<group>"; };
		6DF7BD2712C50F7600BCF6B1 /* CCSpriteSheet.m */ = {isa = PBXFileReference; fileEncoding = 4; lastKnownFileType = sourcecode.c.objc; path = CCSpriteSheet.m; sourceTree = "<group>"; };
		6DF7BD2812C50F7600BCF6B1 /* CCTexture2D.h */ = {isa = PBXFileReference; fileEncoding = 4; lastKnownFileType = sourcecode.c.h; path = CCTexture2D.h; sourceTree = "<group>"; };
		6DF7BD2912C50F7600BCF6B1 /* CCTexture2D.m */ = {isa = PBXFileReference; fileEncoding = 4; lastKnownFileType = sourcecode.c.objc; path = CCTexture2D.m; sourceTree = "<group>"; };
		6DF7BD2A12C50F7600BCF6B1 /* CCTextureAtlas.h */ = {isa = PBXFileReference; fileEncoding = 4; lastKnownFileType = sourcecode.c.h; path = CCTextureAtlas.h; sourceTree = "<group>"; };
		6DF7BD2B12C50F7600BCF6B1 /* CCTextureAtlas.m */ = {isa = PBXFileReference; fileEncoding = 4; lastKnownFileType = sourcecode.c.objc; path = CCTextureAtlas.m; sourceTree = "<group>"; };
		6DF7BD2C12C50F7600BCF6B1 /* CCTextureCache.h */ = {isa = PBXFileReference; fileEncoding = 4; lastKnownFileType = sourcecode.c.h; path = CCTextureCache.h; sourceTree = "<group>"; };
		6DF7BD2D12C50F7600BCF6B1 /* CCTextureCache.m */ = {isa = PBXFileReference; fileEncoding = 4; lastKnownFileType = sourcecode.c.objc; path = CCTextureCache.m; sourceTree = "<group>"; };
		6DF7BD2E12C50F7600BCF6B1 /* CCTexturePVR.h */ = {isa = PBXFileReference; fileEncoding = 4; lastKnownFileType = sourcecode.c.h; path = CCTexturePVR.h; sourceTree = "<group>"; };
		6DF7BD2F12C50F7600BCF6B1 /* CCTexturePVR.m */ = {isa = PBXFileReference; fileEncoding = 4; lastKnownFileType = sourcecode.c.objc; path = CCTexturePVR.m; sourceTree = "<group>"; };
		6DF7BD3012C50F7600BCF6B1 /* CCTileMapAtlas.h */ = {isa = PBXFileReference; fileEncoding = 4; lastKnownFileType = sourcecode.c.h; path = CCTileMapAtlas.h; sourceTree = "<group>"; };
		6DF7BD3112C50F7600BCF6B1 /* CCTileMapAtlas.m */ = {isa = PBXFileReference; fileEncoding = 4; lastKnownFileType = sourcecode.c.objc; path = CCTileMapAtlas.m; sourceTree = "<group>"; };
		6DF7BD3212C50F7600BCF6B1 /* CCTMXLayer.h */ = {isa = PBXFileReference; fileEncoding = 4; lastKnownFileType = sourcecode.c.h; path = CCTMXLayer.h; sourceTree = "<group>"; };
		6DF7BD3312C50F7600BCF6B1 /* CCTMXLayer.m */ = {isa = PBXFileReference; fileEncoding = 4; lastKnownFileType = sourcecode.c.objc; path = CCTMXLayer.m; sourceTree = "<group>"; };
		6DF7BD3412C50F7600BCF6B1 /* CCTMXObjectGroup.h */ = {isa = PBXFileReference; fileEncoding = 4; lastKnownFileType = sourcecode.c.h; path = CCTMXObjectGroup.h; sourceTree = "<group>"; };
		6DF7BD3512C50F7600BCF6B1 /* CCTMXObjectGroup.m */ = {isa = PBXFileReference; fileEncoding = 4; lastKnownFileType = sourcecode.c.objc; path = CCTMXObjectGroup.m; sourceTree = "<group>"; };
		6DF7BD3612C50F7600BCF6B1 /* CCTMXTiledMap.h */ = {isa = PBXFileReference; fileEncoding = 4; lastKnownFileType = sourcecode.c.h; path = CCTMXTiledMap.h; sourceTree = "<group>"; };
		6DF7BD3712C50F7600BCF6B1 /* CCTMXTiledMap.m */ = {isa = PBXFileReference; fileEncoding = 4; lastKnownFileType = sourcecode.c.objc; path = CCTMXTiledMap.m; sourceTree = "<group>"; };
		6DF7BD3812C50F7600BCF6B1 /* CCTMXXMLParser.h */ = {isa = PBXFileReference; fileEncoding = 4; lastKnownFileType = sourcecode.c.h; path = CCTMXXMLParser.h; sourceTree = "<group>"; };
		6DF7BD3912C50F7600BCF6B1 /* CCTMXXMLParser.m */ = {isa = PBXFileReference; fileEncoding = 4; lastKnownFileType = sourcecode.c.objc; path = CCTMXXMLParser.m; sourceTree = "<group>"; };
		6DF7BD3A12C50F7600BCF6B1 /* CCTransition.h */ = {isa = PBXFileReference; fileEncoding = 4; lastKnownFileType = sourcecode.c.h; path = CCTransition.h; sourceTree = "<group>"; };
		6DF7BD3B12C50F7600BCF6B1 /* CCTransition.m */ = {isa = PBXFileReference; fileEncoding = 4; lastKnownFileType = sourcecode.c.objc; path = CCTransition.m; sourceTree = "<group>"; };
		6DF7BD3C12C50F7600BCF6B1 /* CCTransitionPageTurn.h */ = {isa = PBXFileReference; fileEncoding = 4; lastKnownFileType = sourcecode.c.h; path = CCTransitionPageTurn.h; sourceTree = "<group>"; };
		6DF7BD3D12C50F7600BCF6B1 /* CCTransitionPageTurn.m */ = {isa = PBXFileReference; fileEncoding = 4; lastKnownFileType = sourcecode.c.objc; path = CCTransitionPageTurn.m; sourceTree = "<group>"; };
		6DF7BD3E12C50F7600BCF6B1 /* CCTransitionRadial.h */ = {isa = PBXFileReference; fileEncoding = 4; lastKnownFileType = sourcecode.c.h; path = CCTransitionRadial.h; sourceTree = "<group>"; };
		6DF7BD3F12C50F7600BCF6B1 /* CCTransitionRadial.m */ = {isa = PBXFileReference; fileEncoding = 4; lastKnownFileType = sourcecode.c.objc; path = CCTransitionRadial.m; sourceTree = "<group>"; };
		6DF7BD4012C50F7600BCF6B1 /* ccTypes.h */ = {isa = PBXFileReference; fileEncoding = 4; lastKnownFileType = sourcecode.c.h; path = ccTypes.h; sourceTree = "<group>"; };
		6DF7BD4112C50F7600BCF6B1 /* cocos2d.h */ = {isa = PBXFileReference; fileEncoding = 4; lastKnownFileType = sourcecode.c.h; path = cocos2d.h; sourceTree = "<group>"; };
		6DF7BD4212C50F7600BCF6B1 /* cocos2d.m */ = {isa = PBXFileReference; fileEncoding = 4; lastKnownFileType = sourcecode.c.objc; path = cocos2d.m; sourceTree = "<group>"; };
		6DF7BD4412C50F7600BCF6B1 /* CCGL.h */ = {isa = PBXFileReference; fileEncoding = 4; lastKnownFileType = sourcecode.c.h; path = CCGL.h; sourceTree = "<group>"; };
		6DF7BD4512C50F7600BCF6B1 /* CCNS.h */ = {isa = PBXFileReference; fileEncoding = 4; lastKnownFileType = sourcecode.c.h; path = CCNS.h; sourceTree = "<group>"; };
		6DF7BD4712C50F7600BCF6B1 /* CCDirectorIOS.h */ = {isa = PBXFileReference; fileEncoding = 4; lastKnownFileType = sourcecode.c.h; path = CCDirectorIOS.h; sourceTree = "<group>"; };
		6DF7BD4812C50F7600BCF6B1 /* CCDirectorIOS.m */ = {isa = PBXFileReference; fileEncoding = 4; lastKnownFileType = sourcecode.c.objc; path = CCDirectorIOS.m; sourceTree = "<group>"; };
		6DF7BD4912C50F7600BCF6B1 /* CCTouchDelegateProtocol.h */ = {isa = PBXFileReference; fileEncoding = 4; lastKnownFileType = sourcecode.c.h; path = CCTouchDelegateProtocol.h; sourceTree = "<group>"; };
		6DF7BD4A12C50F7600BCF6B1 /* CCTouchDispatcher.h */ = {isa = PBXFileReference; fileEncoding = 4; lastKnownFileType = sourcecode.c.h; path = CCTouchDispatcher.h; sourceTree = "<group>"; };
		6DF7BD4B12C50F7600BCF6B1 /* CCTouchDispatcher.m */ = {isa = PBXFileReference; fileEncoding = 4; lastKnownFileType = sourcecode.c.objc; path = CCTouchDispatcher.m; sourceTree = "<group>"; };
		6DF7BD4C12C50F7600BCF6B1 /* CCTouchHandler.h */ = {isa = PBXFileReference; fileEncoding = 4; lastKnownFileType = sourcecode.c.h; path = CCTouchHandler.h; sourceTree = "<group>"; };
		6DF7BD4D12C50F7600BCF6B1 /* CCTouchHandler.m */ = {isa = PBXFileReference; fileEncoding = 4; lastKnownFileType = sourcecode.c.objc; path = CCTouchHandler.m; sourceTree = "<group>"; };
		6DF7BD4E12C50F7600BCF6B1 /* EAGLView.h */ = {isa = PBXFileReference; fileEncoding = 4; lastKnownFileType = sourcecode.c.h; path = EAGLView.h; sourceTree = "<group>"; };
		6DF7BD4F12C50F7600BCF6B1 /* EAGLView.m */ = {isa = PBXFileReference; fileEncoding = 4; lastKnownFileType = sourcecode.c.objc; path = EAGLView.m; sourceTree = "<group>"; };
		6DF7BD5012C50F7600BCF6B1 /* ES1Renderer.h */ = {isa = PBXFileReference; fileEncoding = 4; lastKnownFileType = sourcecode.c.h; path = ES1Renderer.h; sourceTree = "<group>"; };
		6DF7BD5112C50F7600BCF6B1 /* ES1Renderer.m */ = {isa = PBXFileReference; fileEncoding = 4; lastKnownFileType = sourcecode.c.objc; path = ES1Renderer.m; sourceTree = "<group>"; };
		6DF7BD5212C50F7600BCF6B1 /* ESRenderer.h */ = {isa = PBXFileReference; fileEncoding = 4; lastKnownFileType = sourcecode.c.h; path = ESRenderer.h; sourceTree = "<group>"; };
		6DF7BD5312C50F7600BCF6B1 /* glu.c */ = {isa = PBXFileReference; fileEncoding = 4; lastKnownFileType = sourcecode.c.c; path = glu.c; sourceTree = "<group>"; };
		6DF7BD5412C50F7600BCF6B1 /* glu.h */ = {isa = PBXFileReference; fileEncoding = 4; lastKnownFileType = sourcecode.c.h; path = glu.h; sourceTree = "<group>"; };
		6DF7BD5612C50F7600BCF6B1 /* CCDirectorMac.h */ = {isa = PBXFileReference; fileEncoding = 4; lastKnownFileType = sourcecode.c.h; path = CCDirectorMac.h; sourceTree = "<group>"; };
		6DF7BD5712C50F7600BCF6B1 /* CCDirectorMac.m */ = {isa = PBXFileReference; fileEncoding = 4; lastKnownFileType = sourcecode.c.objc; path = CCDirectorMac.m; sourceTree = "<group>"; };
		6DF7BD5812C50F7600BCF6B1 /* CCEventDispatcher.h */ = {isa = PBXFileReference; fileEncoding = 4; lastKnownFileType = sourcecode.c.h; path = CCEventDispatcher.h; sourceTree = "<group>"; };
		6DF7BD5912C50F7600BCF6B1 /* CCEventDispatcher.m */ = {isa = PBXFileReference; fileEncoding = 4; lastKnownFileType = sourcecode.c.objc; path = CCEventDispatcher.m; sourceTree = "<group>"; };
		6DF7BD5A12C50F7600BCF6B1 /* MacGLView.h */ = {isa = PBXFileReference; fileEncoding = 4; lastKnownFileType = sourcecode.c.h; path = MacGLView.h; sourceTree = "<group>"; };
		6DF7BD5B12C50F7600BCF6B1 /* MacGLView.m */ = {isa = PBXFileReference; fileEncoding = 4; lastKnownFileType = sourcecode.c.objc; path = MacGLView.m; sourceTree = "<group>"; };
		6DF7BD5D12C50F7600BCF6B1 /* base64.c */ = {isa = PBXFileReference; fileEncoding = 4; lastKnownFileType = sourcecode.c.c; path = base64.c; sourceTree = "<group>"; };
		6DF7BD5E12C50F7600BCF6B1 /* base64.h */ = {isa = PBXFileReference; fileEncoding = 4; lastKnownFileType = sourcecode.c.h; path = base64.h; sourceTree = "<group>"; };
		6DF7BD5F12C50F7600BCF6B1 /* CCArray.h */ = {isa = PBXFileReference; fileEncoding = 4; lastKnownFileType = sourcecode.c.h; path = CCArray.h; sourceTree = "<group>"; };
		6DF7BD6012C50F7600BCF6B1 /* CCArray.m */ = {isa = PBXFileReference; fileEncoding = 4; lastKnownFileType = sourcecode.c.objc; path = CCArray.m; sourceTree = "<group>"; };
		6DF7BD6112C50F7600BCF6B1 /* ccCArray.h */ = {isa = PBXFileReference; fileEncoding = 4; lastKnownFileType = sourcecode.c.h; path = ccCArray.h; sourceTree = "<group>"; };
		6DF7BD6212C50F7600BCF6B1 /* CCFileUtils.h */ = {isa = PBXFileReference; fileEncoding = 4; lastKnownFileType = sourcecode.c.h; path = CCFileUtils.h; sourceTree = "<group>"; };
		6DF7BD6312C50F7600BCF6B1 /* CCFileUtils.m */ = {isa = PBXFileReference; fileEncoding = 4; lastKnownFileType = sourcecode.c.objc; path = CCFileUtils.m; sourceTree = "<group>"; };
		6DF7BD6412C50F7600BCF6B1 /* CCProfiling.h */ = {isa = PBXFileReference; fileEncoding = 4; lastKnownFileType = sourcecode.c.h; path = CCProfiling.h; sourceTree = "<group>"; };
		6DF7BD6512C50F7600BCF6B1 /* CCProfiling.m */ = {isa = PBXFileReference; fileEncoding = 4; lastKnownFileType = sourcecode.c.objc; path = CCProfiling.m; sourceTree = "<group>"; };
		6DF7BD6612C50F7600BCF6B1 /* ccUtils.c */ = {isa = PBXFileReference; fileEncoding = 4; lastKnownFileType = sourcecode.c.c; path = ccUtils.c; sourceTree = "<group>"; };
		6DF7BD6712C50F7600BCF6B1 /* ccUtils.h */ = {isa = PBXFileReference; fileEncoding = 4; lastKnownFileType = sourcecode.c.h; path = ccUtils.h; sourceTree = "<group>"; };
		6DF7BD6812C50F7600BCF6B1 /* CGPointExtension.h */ = {isa = PBXFileReference; fileEncoding = 4; lastKnownFileType = sourcecode.c.h; path = CGPointExtension.h; sourceTree = "<group>"; };
		6DF7BD6912C50F7600BCF6B1 /* CGPointExtension.m */ = {isa = PBXFileReference; fileEncoding = 4; lastKnownFileType = sourcecode.c.objc; path = CGPointExtension.m; sourceTree = "<group>"; };
		6DF7BD6A12C50F7600BCF6B1 /* OpenGL_Internal.h */ = {isa = PBXFileReference; fileEncoding = 4; lastKnownFileType = sourcecode.c.h; path = OpenGL_Internal.h; sourceTree = "<group>"; };
		6DF7BD6B12C50F7600BCF6B1 /* TGAlib.h */ = {isa = PBXFileReference; fileEncoding = 4; lastKnownFileType = sourcecode.c.h; path = TGAlib.h; sourceTree = "<group>"; };
		6DF7BD6C12C50F7600BCF6B1 /* TGAlib.m */ = {isa = PBXFileReference; fileEncoding = 4; lastKnownFileType = sourcecode.c.objc; path = TGAlib.m; sourceTree = "<group>"; };
		6DF7BD6D12C50F7600BCF6B1 /* TransformUtils.h */ = {isa = PBXFileReference; fileEncoding = 4; lastKnownFileType = sourcecode.c.h; path = TransformUtils.h; sourceTree = "<group>"; };
		6DF7BD6E12C50F7600BCF6B1 /* TransformUtils.m */ = {isa = PBXFileReference; fileEncoding = 4; lastKnownFileType = sourcecode.c.objc; path = TransformUtils.m; sourceTree = "<group>"; };
		6DF7BD6F12C50F7600BCF6B1 /* uthash.h */ = {isa = PBXFileReference; fileEncoding = 4; lastKnownFileType = sourcecode.c.h; path = uthash.h; sourceTree = "<group>"; };
		6DF7BD7012C50F7600BCF6B1 /* utlist.h */ = {isa = PBXFileReference; fileEncoding = 4; lastKnownFileType = sourcecode.c.h; path = utlist.h; sourceTree = "<group>"; };
		6DF7BD7112C50F7600BCF6B1 /* ZipUtils.h */ = {isa = PBXFileReference; fileEncoding = 4; lastKnownFileType = sourcecode.c.h; path = ZipUtils.h; sourceTree = "<group>"; };
		6DF7BD7212C50F7600BCF6B1 /* ZipUtils.m */ = {isa = PBXFileReference; fileEncoding = 4; lastKnownFileType = sourcecode.c.objc; path = ZipUtils.m; sourceTree = "<group>"; };
		6DF7BD7412C50F7600BCF6B1 /* CDAudioManager.h */ = {isa = PBXFileReference; fileEncoding = 4; lastKnownFileType = sourcecode.c.h; path = CDAudioManager.h; sourceTree = "<group>"; };
		6DF7BD7512C50F7600BCF6B1 /* CDAudioManager.m */ = {isa = PBXFileReference; fileEncoding = 4; lastKnownFileType = sourcecode.c.objc; path = CDAudioManager.m; sourceTree = "<group>"; };
		6DF7BD7612C50F7600BCF6B1 /* CDConfig.h */ = {isa = PBXFileReference; fileEncoding = 4; lastKnownFileType = sourcecode.c.h; path = CDConfig.h; sourceTree = "<group>"; };
		6DF7BD7712C50F7600BCF6B1 /* CDOpenALSupport.h */ = {isa = PBXFileReference; fileEncoding = 4; lastKnownFileType = sourcecode.c.h; path = CDOpenALSupport.h; sourceTree = "<group>"; };
		6DF7BD7812C50F7600BCF6B1 /* CDOpenALSupport.m */ = {isa = PBXFileReference; fileEncoding = 4; lastKnownFileType = sourcecode.c.objc; path = CDOpenALSupport.m; sourceTree = "<group>"; };
		6DF7BD7912C50F7600BCF6B1 /* CocosDenshion.h */ = {isa = PBXFileReference; fileEncoding = 4; lastKnownFileType = sourcecode.c.h; path = CocosDenshion.h; sourceTree = "<group>"; };
		6DF7BD7A12C50F7600BCF6B1 /* CocosDenshion.m */ = {isa = PBXFileReference; fileEncoding = 4; lastKnownFileType = sourcecode.c.objc; path = CocosDenshion.m; sourceTree = "<group>"; };
		6DF7BD7B12C50F7600BCF6B1 /* SimpleAudioEngine.h */ = {isa = PBXFileReference; fileEncoding = 4; lastKnownFileType = sourcecode.c.h; path = SimpleAudioEngine.h; sourceTree = "<group>"; };
		6DF7BD7C12C50F7600BCF6B1 /* SimpleAudioEngine.m */ = {isa = PBXFileReference; fileEncoding = 4; lastKnownFileType = sourcecode.c.objc; path = SimpleAudioEngine.m; sourceTree = "<group>"; };
		6DF7BD7E12C50F7600BCF6B1 /* CLScoreServerPost.h */ = {isa = PBXFileReference; fileEncoding = 4; lastKnownFileType = sourcecode.c.h; path = CLScoreServerPost.h; sourceTree = "<group>"; };
		6DF7BD7F12C50F7600BCF6B1 /* CLScoreServerPost.m */ = {isa = PBXFileReference; fileEncoding = 4; lastKnownFileType = sourcecode.c.objc; path = CLScoreServerPost.m; sourceTree = "<group>"; };
		6DF7BD8012C50F7600BCF6B1 /* CLScoreServerRequest.h */ = {isa = PBXFileReference; fileEncoding = 4; lastKnownFileType = sourcecode.c.h; path = CLScoreServerRequest.h; sourceTree = "<group>"; };
		6DF7BD8112C50F7600BCF6B1 /* CLScoreServerRequest.m */ = {isa = PBXFileReference; fileEncoding = 4; lastKnownFileType = sourcecode.c.objc; path = CLScoreServerRequest.m; sourceTree = "<group>"; };
		6DF7BD8212C50F7600BCF6B1 /* cocoslive.h */ = {isa = PBXFileReference; fileEncoding = 4; lastKnownFileType = sourcecode.c.h; path = cocoslive.h; sourceTree = "<group>"; };
		6DF7BD8312C50F7600BCF6B1 /* cocoslive.m */ = {isa = PBXFileReference; fileEncoding = 4; lastKnownFileType = sourcecode.c.objc; path = cocoslive.m; sourceTree = "<group>"; };
		6DF7BD8512C50F7600BCF6B1 /* ZAttributedString.h */ = {isa = PBXFileReference; fileEncoding = 4; lastKnownFileType = sourcecode.c.h; path = ZAttributedString.h; sourceTree = "<group>"; };
		6DF7BD8612C50F7600BCF6B1 /* ZAttributedString.m */ = {isa = PBXFileReference; fileEncoding = 4; lastKnownFileType = sourcecode.c.objc; path = ZAttributedString.m; sourceTree = "<group>"; };
		6DF7BD8712C50F7600BCF6B1 /* ZAttributedStringPrivate.h */ = {isa = PBXFileReference; fileEncoding = 4; lastKnownFileType = sourcecode.c.h; path = ZAttributedStringPrivate.h; sourceTree = "<group>"; };
		6DF7BD8812C50F7600BCF6B1 /* FontLabel.h */ = {isa = PBXFileReference; fileEncoding = 4; lastKnownFileType = sourcecode.c.h; path = FontLabel.h; sourceTree = "<group>"; };
		6DF7BD8912C50F7600BCF6B1 /* FontLabel.m */ = {isa = PBXFileReference; fileEncoding = 4; lastKnownFileType = sourcecode.c.objc; path = FontLabel.m; sourceTree = "<group>"; };
		6DF7BD8A12C50F7600BCF6B1 /* FontLabelStringDrawing.h */ = {isa = PBXFileReference; fileEncoding = 4; lastKnownFileType = sourcecode.c.h; path = FontLabelStringDrawing.h; sourceTree = "<group>"; };
		6DF7BD8B12C50F7600BCF6B1 /* FontLabelStringDrawing.m */ = {isa = PBXFileReference; fileEncoding = 4; lastKnownFileType = sourcecode.c.objc; path = FontLabelStringDrawing.m; sourceTree = "<group>"; };
		6DF7BD8C12C50F7600BCF6B1 /* FontManager.h */ = {isa = PBXFileReference; fileEncoding = 4; lastKnownFileType = sourcecode.c.h; path = FontManager.h; sourceTree = "<group>"; };
		6DF7BD8D12C50F7600BCF6B1 /* FontManager.m */ = {isa = PBXFileReference; fileEncoding = 4; lastKnownFileType = sourcecode.c.objc; path = FontManager.m; sourceTree = "<group>"; };
		6DF7BD8E12C50F7600BCF6B1 /* ZFont.h */ = {isa = PBXFileReference; fileEncoding = 4; lastKnownFileType = sourcecode.c.h; path = ZFont.h; sourceTree = "<group>"; };
		6DF7BD8F12C50F7600BCF6B1 /* ZFont.m */ = {isa = PBXFileReference; fileEncoding = 4; lastKnownFileType = sourcecode.c.objc; path = ZFont.m; sourceTree = "<group>"; };
		6DF7BD9112C50F7600BCF6B1 /* CDataScanner.h */ = {isa = PBXFileReference; fileEncoding = 4; lastKnownFileType = sourcecode.c.h; path = CDataScanner.h; sourceTree = "<group>"; };
		6DF7BD9212C50F7600BCF6B1 /* CDataScanner.m */ = {isa = PBXFileReference; fileEncoding = 4; lastKnownFileType = sourcecode.c.objc; path = CDataScanner.m; sourceTree = "<group>"; };
		6DF7BD9412C50F7600BCF6B1 /* CDataScanner_Extensions.h */ = {isa = PBXFileReference; fileEncoding = 4; lastKnownFileType = sourcecode.c.h; path = CDataScanner_Extensions.h; sourceTree = "<group>"; };
		6DF7BD9512C50F7600BCF6B1 /* CDataScanner_Extensions.m */ = {isa = PBXFileReference; fileEncoding = 4; lastKnownFileType = sourcecode.c.objc; path = CDataScanner_Extensions.m; sourceTree = "<group>"; };
		6DF7BD9612C50F7600BCF6B1 /* NSCharacterSet_Extensions.h */ = {isa = PBXFileReference; fileEncoding = 4; lastKnownFileType = sourcecode.c.h; path = NSCharacterSet_Extensions.h; sourceTree = "<group>"; };
		6DF7BD9712C50F7600BCF6B1 /* NSCharacterSet_Extensions.m */ = {isa = PBXFileReference; fileEncoding = 4; lastKnownFileType = sourcecode.c.objc; path = NSCharacterSet_Extensions.m; sourceTree = "<group>"; };
		6DF7BD9812C50F7600BCF6B1 /* NSDictionary_JSONExtensions.h */ = {isa = PBXFileReference; fileEncoding = 4; lastKnownFileType = sourcecode.c.h; path = NSDictionary_JSONExtensions.h; sourceTree = "<group>"; };
		6DF7BD9912C50F7600BCF6B1 /* NSDictionary_JSONExtensions.m */ = {isa = PBXFileReference; fileEncoding = 4; lastKnownFileType = sourcecode.c.objc; path = NSDictionary_JSONExtensions.m; sourceTree = "<group>"; };
		6DF7BD9A12C50F7600BCF6B1 /* NSScanner_Extensions.h */ = {isa = PBXFileReference; fileEncoding = 4; lastKnownFileType = sourcecode.c.h; path = NSScanner_Extensions.h; sourceTree = "<group>"; };
		6DF7BD9B12C50F7600BCF6B1 /* NSScanner_Extensions.m */ = {isa = PBXFileReference; fileEncoding = 4; lastKnownFileType = sourcecode.c.objc; path = NSScanner_Extensions.m; sourceTree = "<group>"; };
		6DF7BD9D12C50F7600BCF6B1 /* CJSONDeserializer.h */ = {isa = PBXFileReference; fileEncoding = 4; lastKnownFileType = sourcecode.c.h; path = CJSONDeserializer.h; sourceTree = "<group>"; };
		6DF7BD9E12C50F7600BCF6B1 /* CJSONDeserializer.m */ = {isa = PBXFileReference; fileEncoding = 4; lastKnownFileType = sourcecode.c.objc; path = CJSONDeserializer.m; sourceTree = "<group>"; };
		6DF7BD9F12C50F7600BCF6B1 /* CJSONScanner.h */ = {isa = PBXFileReference; fileEncoding = 4; lastKnownFileType = sourcecode.c.h; path = CJSONScanner.h; sourceTree = "<group>"; };
		6DF7BDA012C50F7600BCF6B1 /* CJSONScanner.m */ = {isa = PBXFileReference; fileEncoding = 4; lastKnownFileType = sourcecode.c.objc; path = CJSONScanner.m; sourceTree = "<group>"; };
		6DF7BDA112C50F7600BCF6B1 /* CJSONSerializer.h */ = {isa = PBXFileReference; fileEncoding = 4; lastKnownFileType = sourcecode.c.h; path = CJSONSerializer.h; sourceTree = "<group>"; };
		6DF7BDA212C50F7600BCF6B1 /* CJSONSerializer.m */ = {isa = PBXFileReference; fileEncoding = 4; lastKnownFileType = sourcecode.c.objc; path = CJSONSerializer.m; sourceTree = "<group>"; };
		DC6640020F83B3EA000B3E49 /* AudioToolbox.framework */ = {isa = PBXFileReference; lastKnownFileType = wrapper.framework; name = AudioToolbox.framework; path = System/Library/Frameworks/AudioToolbox.framework; sourceTree = SDKROOT; };
		DC6640040F83B3EA000B3E49 /* OpenAL.framework */ = {isa = PBXFileReference; lastKnownFileType = wrapper.framework; name = OpenAL.framework; path = System/Library/Frameworks/OpenAL.framework; sourceTree = SDKROOT; };
		DCCBF1B60F6022AE0040855A /* CoreGraphics.framework */ = {isa = PBXFileReference; lastKnownFileType = wrapper.framework; name = CoreGraphics.framework; path = System/Library/Frameworks/CoreGraphics.framework; sourceTree = SDKROOT; };
		DCCBF1B80F6022AE0040855A /* Foundation.framework */ = {isa = PBXFileReference; lastKnownFileType = wrapper.framework; name = Foundation.framework; path = System/Library/Frameworks/Foundation.framework; sourceTree = SDKROOT; };
		DCCBF1BA0F6022AE0040855A /* OpenGLES.framework */ = {isa = PBXFileReference; lastKnownFileType = wrapper.framework; name = OpenGLES.framework; path = System/Library/Frameworks/OpenGLES.framework; sourceTree = SDKROOT; };
		DCCBF1BC0F6022AE0040855A /* QuartzCore.framework */ = {isa = PBXFileReference; lastKnownFileType = wrapper.framework; name = QuartzCore.framework; path = System/Library/Frameworks/QuartzCore.framework; sourceTree = SDKROOT; };
		DCCBF1BE0F6022AE0040855A /* UIKit.framework */ = {isa = PBXFileReference; lastKnownFileType = wrapper.framework; name = UIKit.framework; path = System/Library/Frameworks/UIKit.framework; sourceTree = SDKROOT; };
/* End PBXFileReference section */

/* Begin PBXFrameworksBuildPhase section */
		1D60588F0D05DD3D006BFB54 /* Frameworks */ = {
			isa = PBXFrameworksBuildPhase;
			buildActionMask = 2147483647;
			files = (
				DCCBF1B70F6022AE0040855A /* CoreGraphics.framework in Frameworks */,
				DCCBF1B90F6022AE0040855A /* Foundation.framework in Frameworks */,
				DCCBF1BB0F6022AE0040855A /* OpenGLES.framework in Frameworks */,
				DCCBF1BD0F6022AE0040855A /* QuartzCore.framework in Frameworks */,
				DCCBF1BF0F6022AE0040855A /* UIKit.framework in Frameworks */,
				DC6640030F83B3EA000B3E49 /* AudioToolbox.framework in Frameworks */,
				DC6640050F83B3EA000B3E49 /* OpenAL.framework in Frameworks */,
				506EDB88102F4C4000A389B3 /* libz.dylib in Frameworks */,
				506EDBA5102F4C9F00A389B3 /* AVFoundation.framework in Frameworks */,
				4365CA5C120A6AFB00E598B9 /* MediaPlayer.framework in Frameworks */,
			);
			runOnlyForDeploymentPostprocessing = 0;
		};
/* End PBXFrameworksBuildPhase section */

/* Begin PBXGroup section */
		19C28FACFE9D520D11CA2CBB /* Products */ = {
			isa = PBXGroup;
			children = (
				1D6058910D05DD3D006BFB54 /* PanelsExample.app */,
			);
			name = Products;
			sourceTree = "<group>";
		};
		29B97314FDCFA39411CA2CEA /* CustomTemplate */ = {
			isa = PBXGroup;
			children = (
				6DF7BCC712C50F7600BCF6B1 /* cocos2d sources */,
				504DFC6810AF1739006D82FE /* LICENSE.cocos2d */,
				504DFC6910AF1739006D82FE /* LICENSE.cocosdenshion */,
				2D500B1D0D5A766B00DBA0E3 /* Classes */,
				29B97315FDCFA39411CA2CEA /* Other Sources */,
				50F414EB1069373D002A0D5E /* Resources */,
				29B97323FDCFA39411CA2CEA /* Frameworks */,
				19C28FACFE9D520D11CA2CBB /* Products */,
			);
			name = CustomTemplate;
			sourceTree = "<group>";
		};
		29B97315FDCFA39411CA2CEA /* Other Sources */ = {
			isa = PBXGroup;
			children = (
				29B97316FDCFA39411CA2CEA /* main.m */,
				1F3B9A820EF2151B00286867 /* shapes_Prefix.pch */,
				436B00F011FFB124007B2F00 /* SynthesizeSingleton.h */,
			);
			name = "Other Sources";
			sourceTree = "<group>";
		};
		29B97323FDCFA39411CA2CEA /* Frameworks */ = {
			isa = PBXGroup;
			children = (
				4365CA5B120A6AFB00E598B9 /* MediaPlayer.framework */,
				DCCBF1B60F6022AE0040855A /* CoreGraphics.framework */,
				DCCBF1B80F6022AE0040855A /* Foundation.framework */,
				DCCBF1BA0F6022AE0040855A /* OpenGLES.framework */,
				DCCBF1BC0F6022AE0040855A /* QuartzCore.framework */,
				DCCBF1BE0F6022AE0040855A /* UIKit.framework */,
				DC6640040F83B3EA000B3E49 /* OpenAL.framework */,
				DC6640020F83B3EA000B3E49 /* AudioToolbox.framework */,
				506EDB87102F4C4000A389B3 /* libz.dylib */,
				506EDBA4102F4C9F00A389B3 /* AVFoundation.framework */,
			);
			name = Frameworks;
			sourceTree = "<group>";
		};
		2D500B1D0D5A766B00DBA0E3 /* Classes */ = {
			isa = PBXGroup;
			children = (
				433BD7D61201C6B60025525E /* Views */,
				43D92D9811FDD8FB0055D2D5 /* Models */,
				434F465111FB317300603A4D /* Scenes */,
				43D92D7C11FDD3E80055D2D5 /* common.h */,
				1F3B9A2C0EF2145700286867 /* shapesAppDelegate.h */,
				1F3B9A2B0EF2145700286867 /* shapesAppDelegate.m */,
			);
			path = Classes;
			sourceTree = "<group>";
		};
		433BD7D61201C6B60025525E /* Views */ = {
			isa = PBXGroup;
			children = (
				433BD81F1201C7090025525E /* NMPanelMenu.h */,
				433BD8201201C7090025525E /* NMPanelMenu.m */,
				433BD8481201C73F0025525E /* NMPanelMenuItem.h */,
				433BD8491201C73F0025525E /* NMPanelMenuItem.m */,
				43A94B5C1222B87D0030A3BA /* CocosOverlayScrollView.h */,
				43A94B5D1222B87D0030A3BA /* CocosOverlayScrollView.m */,
				43D170D2122345AA0081657D /* TouchDelegatingView.h */,
				43D170D3122345AA0081657D /* TouchDelegatingView.m */,
			);
			path = Views;
			sourceTree = "<group>";
		};
		434F465111FB317300603A4D /* Scenes */ = {
			isa = PBXGroup;
			children = (
				43A94B451222B5990030A3BA /* HCUPPanelScene.h */,
				43A94B461222B5990030A3BA /* HCUPPanelScene.m */,
			);
			path = Scenes;
			sourceTree = "<group>";
		};
		434F466611FB8B4F00603A4D /* images */ = {
			isa = PBXGroup;
			children = (
				43F538D9123682CD00D74B1E /* amazon-panel.png */,
				43F538DA123682CD00D74B1E /* arctic-panel.png */,
				43F538DB123682CD00D74B1E /* brkfst-panel.png */,
				43F538DC123682CD00D74B1E /* camp-panel.png */,
				43F538DD123682CD00D74B1E /* city-panel.png */,
				43F538DE123682CD00D74B1E /* frames-glow.png */,
				43F538DF123682CD00D74B1E /* paper-background.png */,
			);
			path = images;
			sourceTree = "<group>";
		};
		43D92D9811FDD8FB0055D2D5 /* Models */ = {
			isa = PBXGroup;
			children = (
			);
			name = Models;
			sourceTree = "<group>";
		};
		50F414EB1069373D002A0D5E /* Resources */ = {
			isa = PBXGroup;
			children = (
				434F466611FB8B4F00603A4D /* images */,
				50F414ED1069373D002A0D5E /* fps_images.png */,
				50F414EE1069373D002A0D5E /* Icon.png */,
				50F414EF1069373D002A0D5E /* Info.plist */,
			);
			path = Resources;
			sourceTree = "<group>";
		};
		6DF7BCC712C50F7600BCF6B1 /* cocos2d sources */ = {
			isa = PBXGroup;
			children = (
				6DF7BCC812C50F7600BCF6B1 /* cocos2d */,
				6DF7BD7312C50F7600BCF6B1 /* CocosDenshion */,
				6DF7BD7D12C50F7600BCF6B1 /* cocoslive */,
				6DF7BD8412C50F7600BCF6B1 /* FontLabel */,
				6DF7BD9012C50F7600BCF6B1 /* TouchJSON */,
			);
			name = "cocos2d sources";
			path = libs;
			sourceTree = "<group>";
		};
		6DF7BCC812C50F7600BCF6B1 /* cocos2d */ = {
			isa = PBXGroup;
			children = (
				6DF7BCC912C50F7600BCF6B1 /* CCAction.h */,
				6DF7BCCA12C50F7600BCF6B1 /* CCAction.m */,
				6DF7BCCB12C50F7600BCF6B1 /* CCActionCamera.h */,
				6DF7BCCC12C50F7600BCF6B1 /* CCActionCamera.m */,
				6DF7BCCD12C50F7600BCF6B1 /* CCActionEase.h */,
				6DF7BCCE12C50F7600BCF6B1 /* CCActionEase.m */,
				6DF7BCCF12C50F7600BCF6B1 /* CCActionGrid.h */,
				6DF7BCD012C50F7600BCF6B1 /* CCActionGrid.m */,
				6DF7BCD112C50F7600BCF6B1 /* CCActionGrid3D.h */,
				6DF7BCD212C50F7600BCF6B1 /* CCActionGrid3D.m */,
				6DF7BCD312C50F7600BCF6B1 /* CCActionInstant.h */,
				6DF7BCD412C50F7600BCF6B1 /* CCActionInstant.m */,
				6DF7BCD512C50F7600BCF6B1 /* CCActionInterval.h */,
				6DF7BCD612C50F7600BCF6B1 /* CCActionInterval.m */,
				6DF7BCD712C50F7600BCF6B1 /* CCActionManager.h */,
				6DF7BCD812C50F7600BCF6B1 /* CCActionManager.m */,
				6DF7BCD912C50F7600BCF6B1 /* CCActionPageTurn3D.h */,
				6DF7BCDA12C50F7600BCF6B1 /* CCActionPageTurn3D.m */,
				6DF7BCDB12C50F7600BCF6B1 /* CCActionProgressTimer.h */,
				6DF7BCDC12C50F7600BCF6B1 /* CCActionProgressTimer.m */,
				6DF7BCDD12C50F7600BCF6B1 /* CCActionTiledGrid.h */,
				6DF7BCDE12C50F7600BCF6B1 /* CCActionTiledGrid.m */,
				6DF7BCDF12C50F7600BCF6B1 /* CCActionTween.h */,
				6DF7BCE012C50F7600BCF6B1 /* CCActionTween.m */,
				6DF7BCE112C50F7600BCF6B1 /* CCAnimation.h */,
				6DF7BCE212C50F7600BCF6B1 /* CCAnimation.m */,
				6DF7BCE312C50F7600BCF6B1 /* CCAnimationCache.h */,
				6DF7BCE412C50F7600BCF6B1 /* CCAnimationCache.m */,
				6DF7BCE512C50F7600BCF6B1 /* CCAtlasNode.h */,
				6DF7BCE612C50F7600BCF6B1 /* CCAtlasNode.m */,
				6DF7BCE712C50F7600BCF6B1 /* CCBlockSupport.h */,
				6DF7BCE812C50F7600BCF6B1 /* CCBlockSupport.m */,
				6DF7BCE912C50F7600BCF6B1 /* CCCamera.h */,
				6DF7BCEA12C50F7600BCF6B1 /* CCCamera.m */,
				6DF7BCEB12C50F7600BCF6B1 /* CCCompatibility.h */,
				6DF7BCEC12C50F7600BCF6B1 /* CCCompatibility.m */,
				6DF7BCED12C50F7600BCF6B1 /* ccConfig.h */,
				6DF7BCEE12C50F7600BCF6B1 /* CCConfiguration.h */,
				6DF7BCEF12C50F7600BCF6B1 /* CCConfiguration.m */,
				6DF7BCF012C50F7600BCF6B1 /* CCDirector.h */,
				6DF7BCF112C50F7600BCF6B1 /* CCDirector.m */,
				6DF7BCF212C50F7600BCF6B1 /* CCDrawingPrimitives.h */,
				6DF7BCF312C50F7600BCF6B1 /* CCDrawingPrimitives.m */,
				6DF7BCF412C50F7600BCF6B1 /* CCGrabber.h */,
				6DF7BCF512C50F7600BCF6B1 /* CCGrabber.m */,
				6DF7BCF612C50F7600BCF6B1 /* CCGrid.h */,
				6DF7BCF712C50F7600BCF6B1 /* CCGrid.m */,
				6DF7BCF812C50F7600BCF6B1 /* CCLabelAtlas.h */,
				6DF7BCF912C50F7600BCF6B1 /* CCLabelAtlas.m */,
				6DF7BCFA12C50F7600BCF6B1 /* CCLabelBMFont.h */,
				6DF7BCFB12C50F7600BCF6B1 /* CCLabelBMFont.m */,
				6DF7BCFC12C50F7600BCF6B1 /* CCLabelTTF.h */,
				6DF7BCFD12C50F7600BCF6B1 /* CCLabelTTF.m */,
				6DF7BCFE12C50F7600BCF6B1 /* CCLayer.h */,
				6DF7BCFF12C50F7600BCF6B1 /* CCLayer.m */,
				6DF7BD0012C50F7600BCF6B1 /* ccMacros.h */,
				6DF7BD0112C50F7600BCF6B1 /* CCMenu.h */,
				6DF7BD0212C50F7600BCF6B1 /* CCMenu.m */,
				6DF7BD0312C50F7600BCF6B1 /* CCMenuItem.h */,
				6DF7BD0412C50F7600BCF6B1 /* CCMenuItem.m */,
				6DF7BD0512C50F7600BCF6B1 /* CCMotionStreak.h */,
				6DF7BD0612C50F7600BCF6B1 /* CCMotionStreak.m */,
				6DF7BD0712C50F7600BCF6B1 /* CCNode.h */,
				6DF7BD0812C50F7600BCF6B1 /* CCNode.m */,
				6DF7BD0912C50F7600BCF6B1 /* CCParallaxNode.h */,
				6DF7BD0A12C50F7600BCF6B1 /* CCParallaxNode.m */,
				6DF7BD0B12C50F7600BCF6B1 /* CCParticleExamples.h */,
				6DF7BD0C12C50F7600BCF6B1 /* CCParticleExamples.m */,
				6DF7BD0D12C50F7600BCF6B1 /* CCParticleSystem.h */,
				6DF7BD0E12C50F7600BCF6B1 /* CCParticleSystem.m */,
				6DF7BD0F12C50F7600BCF6B1 /* CCParticleSystemPoint.h */,
				6DF7BD1012C50F7600BCF6B1 /* CCParticleSystemPoint.m */,
				6DF7BD1112C50F7600BCF6B1 /* CCParticleSystemQuad.h */,
				6DF7BD1212C50F7600BCF6B1 /* CCParticleSystemQuad.m */,
				6DF7BD1312C50F7600BCF6B1 /* CCProgressTimer.h */,
				6DF7BD1412C50F7600BCF6B1 /* CCProgressTimer.m */,
				6DF7BD1512C50F7600BCF6B1 /* CCProtocols.h */,
				6DF7BD1612C50F7600BCF6B1 /* CCRenderTexture.h */,
				6DF7BD1712C50F7600BCF6B1 /* CCRenderTexture.m */,
				6DF7BD1812C50F7600BCF6B1 /* CCRibbon.h */,
				6DF7BD1912C50F7600BCF6B1 /* CCRibbon.m */,
				6DF7BD1A12C50F7600BCF6B1 /* CCScene.h */,
				6DF7BD1B12C50F7600BCF6B1 /* CCScene.m */,
				6DF7BD1C12C50F7600BCF6B1 /* CCScheduler.h */,
				6DF7BD1D12C50F7600BCF6B1 /* CCScheduler.m */,
				6DF7BD1E12C50F7600BCF6B1 /* CCSprite.h */,
				6DF7BD1F12C50F7600BCF6B1 /* CCSprite.m */,
				6DF7BD2012C50F7600BCF6B1 /* CCSpriteBatchNode.h */,
				6DF7BD2112C50F7600BCF6B1 /* CCSpriteBatchNode.m */,
				6DF7BD2212C50F7600BCF6B1 /* CCSpriteFrame.h */,
				6DF7BD2312C50F7600BCF6B1 /* CCSpriteFrame.m */,
				6DF7BD2412C50F7600BCF6B1 /* CCSpriteFrameCache.h */,
				6DF7BD2512C50F7600BCF6B1 /* CCSpriteFrameCache.m */,
				6DF7BD2612C50F7600BCF6B1 /* CCSpriteSheet.h */,
				6DF7BD2712C50F7600BCF6B1 /* CCSpriteSheet.m */,
				6DF7BD2812C50F7600BCF6B1 /* CCTexture2D.h */,
				6DF7BD2912C50F7600BCF6B1 /* CCTexture2D.m */,
				6DF7BD2A12C50F7600BCF6B1 /* CCTextureAtlas.h */,
				6DF7BD2B12C50F7600BCF6B1 /* CCTextureAtlas.m */,
				6DF7BD2C12C50F7600BCF6B1 /* CCTextureCache.h */,
				6DF7BD2D12C50F7600BCF6B1 /* CCTextureCache.m */,
				6DF7BD2E12C50F7600BCF6B1 /* CCTexturePVR.h */,
				6DF7BD2F12C50F7600BCF6B1 /* CCTexturePVR.m */,
				6DF7BD3012C50F7600BCF6B1 /* CCTileMapAtlas.h */,
				6DF7BD3112C50F7600BCF6B1 /* CCTileMapAtlas.m */,
				6DF7BD3212C50F7600BCF6B1 /* CCTMXLayer.h */,
				6DF7BD3312C50F7600BCF6B1 /* CCTMXLayer.m */,
				6DF7BD3412C50F7600BCF6B1 /* CCTMXObjectGroup.h */,
				6DF7BD3512C50F7600BCF6B1 /* CCTMXObjectGroup.m */,
				6DF7BD3612C50F7600BCF6B1 /* CCTMXTiledMap.h */,
				6DF7BD3712C50F7600BCF6B1 /* CCTMXTiledMap.m */,
				6DF7BD3812C50F7600BCF6B1 /* CCTMXXMLParser.h */,
				6DF7BD3912C50F7600BCF6B1 /* CCTMXXMLParser.m */,
				6DF7BD3A12C50F7600BCF6B1 /* CCTransition.h */,
				6DF7BD3B12C50F7600BCF6B1 /* CCTransition.m */,
				6DF7BD3C12C50F7600BCF6B1 /* CCTransitionPageTurn.h */,
				6DF7BD3D12C50F7600BCF6B1 /* CCTransitionPageTurn.m */,
				6DF7BD3E12C50F7600BCF6B1 /* CCTransitionRadial.h */,
				6DF7BD3F12C50F7600BCF6B1 /* CCTransitionRadial.m */,
				6DF7BD4012C50F7600BCF6B1 /* ccTypes.h */,
				6DF7BD4112C50F7600BCF6B1 /* cocos2d.h */,
				6DF7BD4212C50F7600BCF6B1 /* cocos2d.m */,
				6DF7BD4312C50F7600BCF6B1 /* Platforms */,
				6DF7BD5C12C50F7600BCF6B1 /* Support */,
			);
			path = cocos2d;
			sourceTree = "<group>";
		};
		6DF7BD4312C50F7600BCF6B1 /* Platforms */ = {
			isa = PBXGroup;
			children = (
				6DF7BD4412C50F7600BCF6B1 /* CCGL.h */,
				6DF7BD4512C50F7600BCF6B1 /* CCNS.h */,
				6DF7BD4612C50F7600BCF6B1 /* iOS */,
				6DF7BD5512C50F7600BCF6B1 /* Mac */,
			);
			path = Platforms;
			sourceTree = "<group>";
		};
		6DF7BD4612C50F7600BCF6B1 /* iOS */ = {
			isa = PBXGroup;
			children = (
				6DF7BD4712C50F7600BCF6B1 /* CCDirectorIOS.h */,
				6DF7BD4812C50F7600BCF6B1 /* CCDirectorIOS.m */,
				6DF7BD4912C50F7600BCF6B1 /* CCTouchDelegateProtocol.h */,
				6DF7BD4A12C50F7600BCF6B1 /* CCTouchDispatcher.h */,
				6DF7BD4B12C50F7600BCF6B1 /* CCTouchDispatcher.m */,
				6DF7BD4C12C50F7600BCF6B1 /* CCTouchHandler.h */,
				6DF7BD4D12C50F7600BCF6B1 /* CCTouchHandler.m */,
				6DF7BD4E12C50F7600BCF6B1 /* EAGLView.h */,
				6DF7BD4F12C50F7600BCF6B1 /* EAGLView.m */,
				6DF7BD5012C50F7600BCF6B1 /* ES1Renderer.h */,
				6DF7BD5112C50F7600BCF6B1 /* ES1Renderer.m */,
				6DF7BD5212C50F7600BCF6B1 /* ESRenderer.h */,
				6DF7BD5312C50F7600BCF6B1 /* glu.c */,
				6DF7BD5412C50F7600BCF6B1 /* glu.h */,
			);
			path = iOS;
			sourceTree = "<group>";
		};
		6DF7BD5512C50F7600BCF6B1 /* Mac */ = {
			isa = PBXGroup;
			children = (
				6DF7BD5612C50F7600BCF6B1 /* CCDirectorMac.h */,
				6DF7BD5712C50F7600BCF6B1 /* CCDirectorMac.m */,
				6DF7BD5812C50F7600BCF6B1 /* CCEventDispatcher.h */,
				6DF7BD5912C50F7600BCF6B1 /* CCEventDispatcher.m */,
				6DF7BD5A12C50F7600BCF6B1 /* MacGLView.h */,
				6DF7BD5B12C50F7600BCF6B1 /* MacGLView.m */,
			);
			path = Mac;
			sourceTree = "<group>";
		};
		6DF7BD5C12C50F7600BCF6B1 /* Support */ = {
			isa = PBXGroup;
			children = (
				6DF7BD5D12C50F7600BCF6B1 /* base64.c */,
				6DF7BD5E12C50F7600BCF6B1 /* base64.h */,
				6DF7BD5F12C50F7600BCF6B1 /* CCArray.h */,
				6DF7BD6012C50F7600BCF6B1 /* CCArray.m */,
				6DF7BD6112C50F7600BCF6B1 /* ccCArray.h */,
				6DF7BD6212C50F7600BCF6B1 /* CCFileUtils.h */,
				6DF7BD6312C50F7600BCF6B1 /* CCFileUtils.m */,
				6DF7BD6412C50F7600BCF6B1 /* CCProfiling.h */,
				6DF7BD6512C50F7600BCF6B1 /* CCProfiling.m */,
				6DF7BD6612C50F7600BCF6B1 /* ccUtils.c */,
				6DF7BD6712C50F7600BCF6B1 /* ccUtils.h */,
				6DF7BD6812C50F7600BCF6B1 /* CGPointExtension.h */,
				6DF7BD6912C50F7600BCF6B1 /* CGPointExtension.m */,
				6DF7BD6A12C50F7600BCF6B1 /* OpenGL_Internal.h */,
				6DF7BD6B12C50F7600BCF6B1 /* TGAlib.h */,
				6DF7BD6C12C50F7600BCF6B1 /* TGAlib.m */,
				6DF7BD6D12C50F7600BCF6B1 /* TransformUtils.h */,
				6DF7BD6E12C50F7600BCF6B1 /* TransformUtils.m */,
				6DF7BD6F12C50F7600BCF6B1 /* uthash.h */,
				6DF7BD7012C50F7600BCF6B1 /* utlist.h */,
				6DF7BD7112C50F7600BCF6B1 /* ZipUtils.h */,
				6DF7BD7212C50F7600BCF6B1 /* ZipUtils.m */,
			);
			path = Support;
			sourceTree = "<group>";
		};
		6DF7BD7312C50F7600BCF6B1 /* CocosDenshion */ = {
			isa = PBXGroup;
			children = (
				6DF7BD7412C50F7600BCF6B1 /* CDAudioManager.h */,
				6DF7BD7512C50F7600BCF6B1 /* CDAudioManager.m */,
				6DF7BD7612C50F7600BCF6B1 /* CDConfig.h */,
				6DF7BD7712C50F7600BCF6B1 /* CDOpenALSupport.h */,
				6DF7BD7812C50F7600BCF6B1 /* CDOpenALSupport.m */,
				6DF7BD7912C50F7600BCF6B1 /* CocosDenshion.h */,
				6DF7BD7A12C50F7600BCF6B1 /* CocosDenshion.m */,
				6DF7BD7B12C50F7600BCF6B1 /* SimpleAudioEngine.h */,
				6DF7BD7C12C50F7600BCF6B1 /* SimpleAudioEngine.m */,
			);
			path = CocosDenshion;
			sourceTree = "<group>";
		};
		6DF7BD7D12C50F7600BCF6B1 /* cocoslive */ = {
			isa = PBXGroup;
			children = (
				6DF7BD7E12C50F7600BCF6B1 /* CLScoreServerPost.h */,
				6DF7BD7F12C50F7600BCF6B1 /* CLScoreServerPost.m */,
				6DF7BD8012C50F7600BCF6B1 /* CLScoreServerRequest.h */,
				6DF7BD8112C50F7600BCF6B1 /* CLScoreServerRequest.m */,
				6DF7BD8212C50F7600BCF6B1 /* cocoslive.h */,
				6DF7BD8312C50F7600BCF6B1 /* cocoslive.m */,
			);
			path = cocoslive;
			sourceTree = "<group>";
		};
		6DF7BD8412C50F7600BCF6B1 /* FontLabel */ = {
			isa = PBXGroup;
			children = (
				6DF7BD8512C50F7600BCF6B1 /* ZAttributedString.h */,
				6DF7BD8612C50F7600BCF6B1 /* ZAttributedString.m */,
				6DF7BD8712C50F7600BCF6B1 /* ZAttributedStringPrivate.h */,
				6DF7BD8812C50F7600BCF6B1 /* FontLabel.h */,
				6DF7BD8912C50F7600BCF6B1 /* FontLabel.m */,
				6DF7BD8A12C50F7600BCF6B1 /* FontLabelStringDrawing.h */,
				6DF7BD8B12C50F7600BCF6B1 /* FontLabelStringDrawing.m */,
				6DF7BD8C12C50F7600BCF6B1 /* FontManager.h */,
				6DF7BD8D12C50F7600BCF6B1 /* FontManager.m */,
				6DF7BD8E12C50F7600BCF6B1 /* ZFont.h */,
				6DF7BD8F12C50F7600BCF6B1 /* ZFont.m */,
			);
			path = FontLabel;
			sourceTree = "<group>";
		};
		6DF7BD9012C50F7600BCF6B1 /* TouchJSON */ = {
			isa = PBXGroup;
			children = (
				6DF7BD9112C50F7600BCF6B1 /* CDataScanner.h */,
				6DF7BD9212C50F7600BCF6B1 /* CDataScanner.m */,
				6DF7BD9312C50F7600BCF6B1 /* Extensions */,
				6DF7BD9C12C50F7600BCF6B1 /* JSON */,
			);
			path = TouchJSON;
			sourceTree = "<group>";
		};
		6DF7BD9312C50F7600BCF6B1 /* Extensions */ = {
			isa = PBXGroup;
			children = (
				6DF7BD9412C50F7600BCF6B1 /* CDataScanner_Extensions.h */,
				6DF7BD9512C50F7600BCF6B1 /* CDataScanner_Extensions.m */,
				6DF7BD9612C50F7600BCF6B1 /* NSCharacterSet_Extensions.h */,
				6DF7BD9712C50F7600BCF6B1 /* NSCharacterSet_Extensions.m */,
				6DF7BD9812C50F7600BCF6B1 /* NSDictionary_JSONExtensions.h */,
				6DF7BD9912C50F7600BCF6B1 /* NSDictionary_JSONExtensions.m */,
				6DF7BD9A12C50F7600BCF6B1 /* NSScanner_Extensions.h */,
				6DF7BD9B12C50F7600BCF6B1 /* NSScanner_Extensions.m */,
			);
			path = Extensions;
			sourceTree = "<group>";
		};
		6DF7BD9C12C50F7600BCF6B1 /* JSON */ = {
			isa = PBXGroup;
			children = (
				6DF7BD9D12C50F7600BCF6B1 /* CJSONDeserializer.h */,
				6DF7BD9E12C50F7600BCF6B1 /* CJSONDeserializer.m */,
				6DF7BD9F12C50F7600BCF6B1 /* CJSONScanner.h */,
				6DF7BDA012C50F7600BCF6B1 /* CJSONScanner.m */,
				6DF7BDA112C50F7600BCF6B1 /* CJSONSerializer.h */,
				6DF7BDA212C50F7600BCF6B1 /* CJSONSerializer.m */,
			);
			path = JSON;
			sourceTree = "<group>";
		};
/* End PBXGroup section */

/* Begin PBXNativeTarget section */
		1D6058900D05DD3D006BFB54 /* JacobsShapes */ = {
			isa = PBXNativeTarget;
			buildConfigurationList = 1D6058960D05DD3E006BFB54 /* Build configuration list for PBXNativeTarget "JacobsShapes" */;
			buildPhases = (
				1D60588D0D05DD3D006BFB54 /* Resources */,
				1D60588E0D05DD3D006BFB54 /* Sources */,
				1D60588F0D05DD3D006BFB54 /* Frameworks */,
			);
			buildRules = (
			);
			dependencies = (
			);
			name = JacobsShapes;
			productName = shapes;
			productReference = 1D6058910D05DD3D006BFB54 /* PanelsExample.app */;
			productType = "com.apple.product-type.application";
		};
/* End PBXNativeTarget section */

/* Begin PBXProject section */
		29B97313FDCFA39411CA2CEA /* Project object */ = {
			isa = PBXProject;
			attributes = {
				ORGANIZATIONNAME = LittleHiccup;
			};
			buildConfigurationList = C01FCF4E08A954540054247B /* Build configuration list for PBXProject "shapes-panels" */;
			compatibilityVersion = "Xcode 3.1";
			developmentRegion = English;
			hasScannedForEncodings = 1;
			knownRegions = (
				English,
				Japanese,
				French,
				German,
			);
			mainGroup = 29B97314FDCFA39411CA2CEA /* CustomTemplate */;
			projectDirPath = "";
			projectRoot = "";
			targets = (
				1D6058900D05DD3D006BFB54 /* JacobsShapes */,
			);
		};
/* End PBXProject section */

/* Begin PBXResourcesBuildPhase section */
		1D60588D0D05DD3D006BFB54 /* Resources */ = {
			isa = PBXResourcesBuildPhase;
			buildActionMask = 2147483647;
			files = (
				50F414F11069373D002A0D5E /* fps_images.png in Resources */,
				50F414F21069373D002A0D5E /* Icon.png in Resources */,
				43F538E0123682CD00D74B1E /* amazon-panel.png in Resources */,
				43F538E1123682CD00D74B1E /* arctic-panel.png in Resources */,
				43F538E2123682CD00D74B1E /* brkfst-panel.png in Resources */,
				43F538E3123682CD00D74B1E /* camp-panel.png in Resources */,
				43F538E4123682CD00D74B1E /* city-panel.png in Resources */,
				43F538E5123682CD00D74B1E /* frames-glow.png in Resources */,
				43F538E6123682CD00D74B1E /* paper-background.png in Resources */,
			);
			runOnlyForDeploymentPostprocessing = 0;
		};
/* End PBXResourcesBuildPhase section */

/* Begin PBXSourcesBuildPhase section */
		1D60588E0D05DD3D006BFB54 /* Sources */ = {
			isa = PBXSourcesBuildPhase;
			buildActionMask = 2147483647;
			files = (
				1D60589B0D05DD56006BFB54 /* main.m in Sources */,
				1F3B9A2D0EF2145700286867 /* shapesAppDelegate.m in Sources */,
				433BD8211201C7090025525E /* NMPanelMenu.m in Sources */,
				433BD84A1201C73F0025525E /* NMPanelMenuItem.m in Sources */,
				43A94B471222B5990030A3BA /* HCUPPanelScene.m in Sources */,
				43A94B5E1222B87D0030A3BA /* CocosOverlayScrollView.m in Sources */,
				43D170D4122345AA0081657D /* TouchDelegatingView.m in Sources */,
				6DF7BDA312C50F7600BCF6B1 /* CCAction.m in Sources */,
				6DF7BDA412C50F7600BCF6B1 /* CCActionCamera.m in Sources */,
				6DF7BDA512C50F7600BCF6B1 /* CCActionEase.m in Sources */,
				6DF7BDA612C50F7600BCF6B1 /* CCActionGrid.m in Sources */,
				6DF7BDA712C50F7600BCF6B1 /* CCActionGrid3D.m in Sources */,
				6DF7BDA812C50F7600BCF6B1 /* CCActionInstant.m in Sources */,
				6DF7BDA912C50F7600BCF6B1 /* CCActionInterval.m in Sources */,
				6DF7BDAA12C50F7600BCF6B1 /* CCActionManager.m in Sources */,
				6DF7BDAB12C50F7600BCF6B1 /* CCActionPageTurn3D.m in Sources */,
				6DF7BDAC12C50F7600BCF6B1 /* CCActionProgressTimer.m in Sources */,
				6DF7BDAD12C50F7600BCF6B1 /* CCActionTiledGrid.m in Sources */,
				6DF7BDAE12C50F7600BCF6B1 /* CCActionTween.m in Sources */,
				6DF7BDAF12C50F7600BCF6B1 /* CCAnimation.m in Sources */,
				6DF7BDB012C50F7600BCF6B1 /* CCAnimationCache.m in Sources */,
				6DF7BDB112C50F7600BCF6B1 /* CCAtlasNode.m in Sources */,
				6DF7BDB212C50F7600BCF6B1 /* CCBlockSupport.m in Sources */,
				6DF7BDB312C50F7600BCF6B1 /* CCCamera.m in Sources */,
				6DF7BDB412C50F7600BCF6B1 /* CCCompatibility.m in Sources */,
				6DF7BDB512C50F7600BCF6B1 /* CCConfiguration.m in Sources */,
				6DF7BDB612C50F7600BCF6B1 /* CCDirector.m in Sources */,
				6DF7BDB712C50F7600BCF6B1 /* CCDrawingPrimitives.m in Sources */,
				6DF7BDB812C50F7600BCF6B1 /* CCGrabber.m in Sources */,
				6DF7BDB912C50F7600BCF6B1 /* CCGrid.m in Sources */,
				6DF7BDBA12C50F7600BCF6B1 /* CCLabelAtlas.m in Sources */,
				6DF7BDBB12C50F7600BCF6B1 /* CCLabelBMFont.m in Sources */,
				6DF7BDBC12C50F7600BCF6B1 /* CCLabelTTF.m in Sources */,
				6DF7BDBD12C50F7600BCF6B1 /* CCLayer.m in Sources */,
				6DF7BDBE12C50F7600BCF6B1 /* CCMenu.m in Sources */,
				6DF7BDBF12C50F7600BCF6B1 /* CCMenuItem.m in Sources */,
				6DF7BDC012C50F7600BCF6B1 /* CCMotionStreak.m in Sources */,
				6DF7BDC112C50F7600BCF6B1 /* CCNode.m in Sources */,
				6DF7BDC212C50F7600BCF6B1 /* CCParallaxNode.m in Sources */,
				6DF7BDC312C50F7600BCF6B1 /* CCParticleExamples.m in Sources */,
				6DF7BDC412C50F7600BCF6B1 /* CCParticleSystem.m in Sources */,
				6DF7BDC512C50F7600BCF6B1 /* CCParticleSystemPoint.m in Sources */,
				6DF7BDC612C50F7600BCF6B1 /* CCParticleSystemQuad.m in Sources */,
				6DF7BDC712C50F7600BCF6B1 /* CCProgressTimer.m in Sources */,
				6DF7BDC812C50F7600BCF6B1 /* CCRenderTexture.m in Sources */,
				6DF7BDC912C50F7600BCF6B1 /* CCRibbon.m in Sources */,
				6DF7BDCA12C50F7600BCF6B1 /* CCScene.m in Sources */,
				6DF7BDCB12C50F7600BCF6B1 /* CCScheduler.m in Sources */,
				6DF7BDCC12C50F7600BCF6B1 /* CCSprite.m in Sources */,
				6DF7BDCD12C50F7600BCF6B1 /* CCSpriteBatchNode.m in Sources */,
				6DF7BDCE12C50F7600BCF6B1 /* CCSpriteFrame.m in Sources */,
				6DF7BDCF12C50F7600BCF6B1 /* CCSpriteFrameCache.m in Sources */,
				6DF7BDD012C50F7600BCF6B1 /* CCSpriteSheet.m in Sources */,
				6DF7BDD112C50F7600BCF6B1 /* CCTexture2D.m in Sources */,
				6DF7BDD212C50F7600BCF6B1 /* CCTextureAtlas.m in Sources */,
				6DF7BDD312C50F7600BCF6B1 /* CCTextureCache.m in Sources */,
				6DF7BDD412C50F7600BCF6B1 /* CCTexturePVR.m in Sources */,
				6DF7BDD512C50F7600BCF6B1 /* CCTileMapAtlas.m in Sources */,
				6DF7BDD612C50F7600BCF6B1 /* CCTMXLayer.m in Sources */,
				6DF7BDD712C50F7600BCF6B1 /* CCTMXObjectGroup.m in Sources */,
				6DF7BDD812C50F7600BCF6B1 /* CCTMXTiledMap.m in Sources */,
				6DF7BDD912C50F7600BCF6B1 /* CCTMXXMLParser.m in Sources */,
				6DF7BDDA12C50F7600BCF6B1 /* CCTransition.m in Sources */,
				6DF7BDDB12C50F7600BCF6B1 /* CCTransitionPageTurn.m in Sources */,
				6DF7BDDC12C50F7600BCF6B1 /* CCTransitionRadial.m in Sources */,
				6DF7BDDD12C50F7600BCF6B1 /* cocos2d.m in Sources */,
				6DF7BDDE12C50F7600BCF6B1 /* CCDirectorIOS.m in Sources */,
				6DF7BDDF12C50F7600BCF6B1 /* CCTouchDispatcher.m in Sources */,
				6DF7BDE012C50F7600BCF6B1 /* CCTouchHandler.m in Sources */,
				6DF7BDE112C50F7600BCF6B1 /* EAGLView.m in Sources */,
				6DF7BDE212C50F7600BCF6B1 /* ES1Renderer.m in Sources */,
				6DF7BDE312C50F7600BCF6B1 /* glu.c in Sources */,
				6DF7BDE412C50F7600BCF6B1 /* CCDirectorMac.m in Sources */,
				6DF7BDE512C50F7600BCF6B1 /* CCEventDispatcher.m in Sources */,
				6DF7BDE612C50F7600BCF6B1 /* MacGLView.m in Sources */,
				6DF7BDE712C50F7600BCF6B1 /* base64.c in Sources */,
				6DF7BDE812C50F7600BCF6B1 /* CCArray.m in Sources */,
				6DF7BDE912C50F7600BCF6B1 /* CCFileUtils.m in Sources */,
				6DF7BDEA12C50F7600BCF6B1 /* CCProfiling.m in Sources */,
				6DF7BDEB12C50F7600BCF6B1 /* ccUtils.c in Sources */,
				6DF7BDEC12C50F7600BCF6B1 /* CGPointExtension.m in Sources */,
				6DF7BDED12C50F7600BCF6B1 /* TGAlib.m in Sources */,
				6DF7BDEE12C50F7600BCF6B1 /* TransformUtils.m in Sources */,
				6DF7BDEF12C50F7600BCF6B1 /* ZipUtils.m in Sources */,
				6DF7BDF012C50F7600BCF6B1 /* CDAudioManager.m in Sources */,
				6DF7BDF112C50F7600BCF6B1 /* CDOpenALSupport.m in Sources */,
				6DF7BDF212C50F7600BCF6B1 /* CocosDenshion.m in Sources */,
				6DF7BDF312C50F7600BCF6B1 /* SimpleAudioEngine.m in Sources */,
				6DF7BDF412C50F7600BCF6B1 /* CLScoreServerPost.m in Sources */,
				6DF7BDF512C50F7600BCF6B1 /* CLScoreServerRequest.m in Sources */,
				6DF7BDF612C50F7600BCF6B1 /* cocoslive.m in Sources */,
				6DF7BDF712C50F7600BCF6B1 /* ZAttributedString.m in Sources */,
				6DF7BDF812C50F7600BCF6B1 /* FontLabel.m in Sources */,
				6DF7BDF912C50F7600BCF6B1 /* FontLabelStringDrawing.m in Sources */,
				6DF7BDFA12C50F7600BCF6B1 /* FontManager.m in Sources */,
				6DF7BDFB12C50F7600BCF6B1 /* ZFont.m in Sources */,
				6DF7BDFC12C50F7600BCF6B1 /* CDataScanner.m in Sources */,
				6DF7BDFD12C50F7600BCF6B1 /* CDataScanner_Extensions.m in Sources */,
				6DF7BDFE12C50F7600BCF6B1 /* NSCharacterSet_Extensions.m in Sources */,
				6DF7BDFF12C50F7600BCF6B1 /* NSDictionary_JSONExtensions.m in Sources */,
				6DF7BE0012C50F7600BCF6B1 /* NSScanner_Extensions.m in Sources */,
				6DF7BE0112C50F7600BCF6B1 /* CJSONDeserializer.m in Sources */,
				6DF7BE0212C50F7600BCF6B1 /* CJSONScanner.m in Sources */,
				6DF7BE0312C50F7600BCF6B1 /* CJSONSerializer.m in Sources */,
			);
			runOnlyForDeploymentPostprocessing = 0;
		};
/* End PBXSourcesBuildPhase section */

/* Begin XCBuildConfiguration section */
		1D6058940D05DD3E006BFB54 /* Debug */ = {
			isa = XCBuildConfiguration;
			buildSettings = {
				ALWAYS_SEARCH_USER_PATHS = NO;
				CODE_SIGN_ENTITLEMENTS = "";
				CODE_SIGN_IDENTITY = "iPhone Developer: Chris Graham (88S4Q3JTB8)";
				"CODE_SIGN_IDENTITY[sdk=iphoneos*]" = "iPhone Developer: Chris Graham (88S4Q3JTB8)";
				COPY_PHASE_STRIP = NO;
				DEBUG_INFORMATION_FORMAT = "dwarf-with-dsym";
				FRAMEWORK_SEARCH_PATHS = "$(inherited)";
				GCC_DYNAMIC_NO_PIC = NO;
				GCC_ENABLE_FIX_AND_CONTINUE = NO;
				GCC_OPTIMIZATION_LEVEL = 0;
				GCC_PRECOMPILE_PREFIX_HEADER = YES;
				GCC_PREFIX_HEADER = shapes_Prefix.pch;
				GCC_TREAT_WARNINGS_AS_ERRORS = NO;
				GCC_VERSION = com.apple.compilers.llvmgcc42;
				INFOPLIST_FILE = Resources/Info.plist;
				"New Setting" = "";
				ONLY_ACTIVE_ARCH = YES;
				OTHER_LDFLAGS = (
					"-all_load",
					"-ObjC",
				);
				PREBINDING = NO;
				PRODUCT_NAME = PanelsExample;
				SDKROOT = iphoneos;
				USER_HEADER_SEARCH_PATHS = "";
				WARNING_CFLAGS = "-Wall";
			};
			name = Debug;
		};
		1D6058950D05DD3E006BFB54 /* Release */ = {
			isa = XCBuildConfiguration;
			buildSettings = {
				ALWAYS_SEARCH_USER_PATHS = NO;
				CODE_SIGN_ENTITLEMENTS = "";
				COPY_PHASE_STRIP = YES;
				DEBUG_INFORMATION_FORMAT = "dwarf-with-dsym";
				FRAMEWORK_SEARCH_PATHS = "$(inherited)";
				GCC_ENABLE_FIX_AND_CONTINUE = NO;
				GCC_PRECOMPILE_PREFIX_HEADER = YES;
				GCC_PREFIX_HEADER = shapes_Prefix.pch;
				GCC_TREAT_WARNINGS_AS_ERRORS = NO;
				GCC_VERSION = com.apple.compilers.llvmgcc42;
				INFOPLIST_FILE = Resources/Info.plist;
				ONLY_ACTIVE_ARCH = NO;
				OTHER_LDFLAGS = (
					"-all_load",
					"-ObjC",
				);
				PREBINDING = NO;
				PRODUCT_NAME = PanelsExample;
				SDKROOT = iphoneos4.2;
				USER_HEADER_SEARCH_PATHS = "";
				WARNING_CFLAGS = "-Wall";
			};
			name = Release;
		};
		C01FCF4F08A954540054247B /* Debug */ = {
			isa = XCBuildConfiguration;
			buildSettings = {
				ALWAYS_SEARCH_USER_PATHS = NO;
				ARCHS = "$(ARCHS_STANDARD_32_BIT)";
				"CODE_SIGN_IDENTITY[sdk=iphoneos*]" = "iPhone Developer: Nathan Murray (GN3TCEDNP3)";
				GCC_C_LANGUAGE_STANDARD = c99;
				GCC_PREPROCESSOR_DEFINITIONS = (
					DEBUG,
					"COCOS2D_DEBUG=1",
					"CD_DEBUG=1",
				);
				"GCC_THUMB_SUPPORT[arch=armv6]" = NO;
				"GCC_THUMB_SUPPORT[arch=armv7]" = YES;
				GCC_VERSION = coop.plausible.blocks.compilers.gcc.4_2;
				GCC_WARN_ABOUT_RETURN_TYPE = YES;
				GCC_WARN_UNUSED_VARIABLE = YES;
				GENERATE_PROFILING_CODE = NO;
				IPHONEOS_DEPLOYMENT_TARGET = 3.2;
				ONLY_ACTIVE_ARCH = YES;
				PREBINDING = NO;
				PRODUCT_DISPLAY_NAME = "Panels Example";
				PRODUCT_NAME = PanelsExample;
				SDKROOT = iphoneos4.1;
				USER_HEADER_SEARCH_PATHS = "$(COCOS2D_SRC)/**";
			};
			name = Debug;
		};
		C01FCF5008A954540054247B /* Release */ = {
			isa = XCBuildConfiguration;
			buildSettings = {
				ALWAYS_SEARCH_USER_PATHS = NO;
				ARCHS = "$(ARCHS_STANDARD_32_BIT)";
				"CODE_SIGN_IDENTITY[sdk=iphoneos*]" = "iPhone Distribution: Nathan Murray";
				GCC_C_LANGUAGE_STANDARD = c99;
				"GCC_THUMB_SUPPORT[arch=armv6]" = NO;
				"GCC_THUMB_SUPPORT[arch=armv7]" = YES;
				GCC_UNROLL_LOOPS = YES;
				GCC_VERSION = coop.plausible.blocks.compilers.gcc.4_2;
				GCC_WARN_ABOUT_RETURN_TYPE = YES;
				GCC_WARN_UNUSED_VARIABLE = YES;
				IPHONEOS_DEPLOYMENT_TARGET = 3.2;
				PREBINDING = NO;
				PRODUCT_DISPLAY_NAME = "Panels Example";
				PRODUCT_NAME = PanelsExample;
				"PROVISIONING_PROFILE[sdk=iphoneos*]" = "900B900D-7DCE-4A81-ABB9-70869F87CB96";
				SDKROOT = iphoneos4.1;
				USER_HEADER_SEARCH_PATHS = "$(COCOS2D_SRC)/**";
			};
			name = Release;
		};
/* End XCBuildConfiguration section */

/* Begin XCConfigurationList section */
		1D6058960D05DD3E006BFB54 /* Build configuration list for PBXNativeTarget "JacobsShapes" */ = {
			isa = XCConfigurationList;
			buildConfigurations = (
				1D6058940D05DD3E006BFB54 /* Debug */,
				1D6058950D05DD3E006BFB54 /* Release */,
			);
			defaultConfigurationIsVisible = 0;
			defaultConfigurationName = Release;
		};
		C01FCF4E08A954540054247B /* Build configuration list for PBXProject "shapes-panels" */ = {
			isa = XCConfigurationList;
			buildConfigurations = (
				C01FCF4F08A954540054247B /* Debug */,
				C01FCF5008A954540054247B /* Release */,
			);
			defaultConfigurationIsVisible = 0;
			defaultConfigurationName = Release;
		};
/* End XCConfigurationList section */
	};
	rootObject = 29B97313FDCFA39411CA2CEA /* Project object */;
}
